PODS:
  - Alamofire (3.3.0)
  - FXBlurView (1.6.4)
  - Kingfisher (2.2.0)
  - SnapKit (0.20.0)
  - XLForm (3.1.1)

DEPENDENCIES:
  - Alamofire
  - FXBlurView
  - Kingfisher
  - SnapKit
  - XLForm

SPEC CHECKSUMS:
  Alamofire: 9054db4a1b1ca9e363223183e01cea380159a27c
  FXBlurView: db786c2561cb49a09ae98407f52460096ab8a44f
  Kingfisher: 350869ed88d6451803b390475d977abdd9f0a357
  SnapKit: 5fce3c1bbbf1fbd31de9aa92f33eb9fa03f15650
  XLForm: c9ee7e0f859341279bfd894f9589a9d25c23e4df

COCOAPODS: 0.39.0
