<?xml version="1.0" encoding="UTF-8"?>
<!DOCTYPE plist PUBLIC "-//Apple//DTD PLIST 1.0//EN" "http://www.apple.com/DTDs/PropertyList-1.0.dtd">
<plist version="1.0">
<dict>
	<key>archiveVersion</key>
	<string>1</string>
	<key>classes</key>
	<dict/>
	<key>objectVersion</key>
	<string>46</string>
	<key>objects</key>
	<dict>
		<key>038A3EAE06C901028F9B25C2</key>
		<dict>
			<key>buildActionMask</key>
			<string>2147483647</string>
			<key>files</key>
			<array/>
			<key>inputPaths</key>
			<array/>
			<key>isa</key>
			<string>PBXShellScriptBuildPhase</string>
			<key>name</key>
			<string>Copy Pods Resources</string>
			<key>outputPaths</key>
			<array/>
			<key>runOnlyForDeploymentPostprocessing</key>
			<string>0</string>
			<key>shellPath</key>
			<string>/bin/sh</string>
			<key>shellScript</key>
			<string>"${SRCROOT}/Pods/Target Support Files/Pods-Zeus/Pods-Zeus-resources.sh"
</string>
			<key>showEnvVarsInLog</key>
			<string>0</string>
		</dict>
		<key>054A9FFFFB89F87101B7258A</key>
		<dict>
			<key>includeInIndex</key>
			<string>1</string>
			<key>isa</key>
			<string>PBXFileReference</string>
			<key>lastKnownFileType</key>
			<string>text.xcconfig</string>
			<key>name</key>
			<string>Pods-Zeus.debug.xcconfig</string>
			<key>path</key>
			<string>Pods/Target Support Files/Pods-Zeus/Pods-Zeus.debug.xcconfig</string>
			<key>sourceTree</key>
			<string>&lt;group&gt;</string>
		</dict>
		<key>4523B3EE1CACBB9F00811E50</key>
		<dict>
			<key>fileEncoding</key>
			<string>4</string>
			<key>isa</key>
			<string>PBXFileReference</string>
			<key>lastKnownFileType</key>
			<string>sourcecode.swift</string>
			<key>path</key>
			<string>UIColor+Zeus.swift</string>
			<key>sourceTree</key>
			<string>&lt;group&gt;</string>
		</dict>
		<key>4523B3EF1CACBB9F00811E50</key>
		<dict>
			<key>fileRef</key>
			<string>4523B3EE1CACBB9F00811E50</string>
			<key>isa</key>
			<string>PBXBuildFile</string>
		</dict>
		<key>4523B3F01CACBDDC00811E50</key>
		<dict>
			<key>fileEncoding</key>
			<string>4</string>
			<key>isa</key>
			<string>PBXFileReference</string>
			<key>lastKnownFileType</key>
			<string>sourcecode.swift</string>
			<key>path</key>
			<string>UIFont+Zeus.swift</string>
			<key>sourceTree</key>
			<string>&lt;group&gt;</string>
		</dict>
		<key>4523B3F11CACBDDC00811E50</key>
		<dict>
			<key>fileRef</key>
			<string>4523B3F01CACBDDC00811E50</string>
			<key>isa</key>
			<string>PBXBuildFile</string>
		</dict>
		<key>4523B3F21CACD0CE00811E50</key>
		<dict>
			<key>children</key>
			<array>
				<string>4523B3F31CACD0ED00811E50</string>
				<string>4523B3F71CACD1CA00811E50</string>
			</array>
			<key>isa</key>
			<string>PBXGroup</string>
			<key>name</key>
			<string>&#21382;&#21490;&#27963;&#21160;</string>
			<key>sourceTree</key>
			<string>&lt;group&gt;</string>
		</dict>
		<key>4523B3F31CACD0ED00811E50</key>
		<dict>
			<key>fileEncoding</key>
			<string>4</string>
			<key>isa</key>
			<string>PBXFileReference</string>
			<key>lastKnownFileType</key>
			<string>sourcecode.swift</string>
			<key>path</key>
			<string>HistoryActivityVC.swift</string>
			<key>sourceTree</key>
			<string>&lt;group&gt;</string>
		</dict>
		<key>4523B3F41CACD0ED00811E50</key>
		<dict>
			<key>fileRef</key>
			<string>4523B3F31CACD0ED00811E50</string>
			<key>isa</key>
			<string>PBXBuildFile</string>
		</dict>
		<key>4523B3F71CACD1CA00811E50</key>
		<dict>
			<key>children</key>
			<array>
				<string>4523B3F81CACD1CA00811E50</string>
			</array>
			<key>isa</key>
			<string>PBXVariantGroup</string>
			<key>name</key>
			<string>HistoryActivityVC.storyboard</string>
			<key>path</key>
			<string>../..</string>
			<key>sourceTree</key>
			<string>&lt;group&gt;</string>
		</dict>
		<key>4523B3F81CACD1CA00811E50</key>
		<dict>
			<key>isa</key>
			<string>PBXFileReference</string>
			<key>lastKnownFileType</key>
			<string>file.storyboard</string>
			<key>name</key>
			<string>Base</string>
			<key>path</key>
			<string>Base.lproj/HistoryActivityVC.storyboard</string>
			<key>sourceTree</key>
			<string>&lt;group&gt;</string>
		</dict>
		<key>4523B3F91CACD1CA00811E50</key>
		<dict>
			<key>fileRef</key>
			<string>4523B3F71CACD1CA00811E50</string>
			<key>isa</key>
			<string>PBXBuildFile</string>
		</dict>
		<key>4523B3FA1CACFD4E00811E50</key>
		<dict>
			<key>children</key>
			<array>
				<string>4523B3FB1CACFD8A00811E50</string>
				<string>4523B3FD1CACFDD500811E50</string>
			</array>
			<key>isa</key>
			<string>PBXGroup</string>
			<key>name</key>
			<string>&#26032;&#24314;&#27963;&#21160;</string>
			<key>sourceTree</key>
			<string>&lt;group&gt;</string>
		</dict>
		<key>4523B3FB1CACFD8A00811E50</key>
		<dict>
			<key>fileEncoding</key>
			<string>4</string>
			<key>isa</key>
			<string>PBXFileReference</string>
			<key>lastKnownFileType</key>
			<string>sourcecode.swift</string>
			<key>path</key>
			<string>AddActivityVC.swift</string>
			<key>sourceTree</key>
			<string>&lt;group&gt;</string>
		</dict>
		<key>4523B3FC1CACFD8A00811E50</key>
		<dict>
			<key>fileRef</key>
			<string>4523B3FB1CACFD8A00811E50</string>
			<key>isa</key>
			<string>PBXBuildFile</string>
		</dict>
		<key>4523B3FD1CACFDD500811E50</key>
		<dict>
			<key>children</key>
			<array>
				<string>4523B3FE1CACFDD500811E50</string>
			</array>
			<key>isa</key>
			<string>PBXVariantGroup</string>
			<key>name</key>
			<string>AddActivityVC.storyboard</string>
			<key>path</key>
			<string>../..</string>
			<key>sourceTree</key>
			<string>&lt;group&gt;</string>
		</dict>
		<key>4523B3FE1CACFDD500811E50</key>
		<dict>
			<key>isa</key>
			<string>PBXFileReference</string>
			<key>lastKnownFileType</key>
			<string>file.storyboard</string>
			<key>name</key>
			<string>Base</string>
			<key>path</key>
			<string>Base.lproj/AddActivityVC.storyboard</string>
			<key>sourceTree</key>
			<string>&lt;group&gt;</string>
		</dict>
		<key>4523B3FF1CACFDD500811E50</key>
		<dict>
			<key>fileRef</key>
			<string>4523B3FD1CACFDD500811E50</string>
			<key>isa</key>
			<string>PBXBuildFile</string>
		</dict>
		<key>458C270B1CAA6915004575FC</key>
		<dict>
			<key>children</key>
			<array>
				<string>4523B3EE1CACBB9F00811E50</string>
				<string>4523B3F01CACBDDC00811E50</string>
			</array>
			<key>isa</key>
			<string>PBXGroup</string>
			<key>path</key>
			<string>Extensions</string>
			<key>sourceTree</key>
			<string>&lt;group&gt;</string>
		</dict>
		<key>458C270C1CAA6915004575FC</key>
		<dict>
			<key>children</key>
			<array/>
			<key>isa</key>
			<string>PBXGroup</string>
			<key>path</key>
			<string>Models</string>
			<key>sourceTree</key>
			<string>&lt;group&gt;</string>
		</dict>
		<key>458C270D1CAA6915004575FC</key>
		<dict>
			<key>children</key>
			<array>
				<string>458C270F1CAA698F004575FC</string>
				<string>458C27101CAA698F004575FC</string>
				<string>458C27111CAA698F004575FC</string>
			</array>
			<key>isa</key>
			<string>PBXGroup</string>
			<key>path</key>
			<string>ViewControllers</string>
			<key>sourceTree</key>
			<string>&lt;group&gt;</string>
		</dict>
		<key>458C270E1CAA6915004575FC</key>
		<dict>
			<key>children</key>
			<array/>
			<key>isa</key>
			<string>PBXGroup</string>
			<key>path</key>
			<string>Views</string>
			<key>sourceTree</key>
			<string>&lt;group&gt;</string>
		</dict>
		<key>458C270F1CAA698F004575FC</key>
		<dict>
			<key>children</key>
			<array>
				<string>4523B3FA1CACFD4E00811E50</string>
				<string>4523B3F21CACD0CE00811E50</string>
				<string>458C271B1CAA7AA3004575FC</string>
				<string>458C27121CAA6D8E004575FC</string>
			</array>
			<key>isa</key>
			<string>PBXGroup</string>
			<key>path</key>
			<string>&#27963;&#21160;</string>
			<key>sourceTree</key>
			<string>&lt;group&gt;</string>
		</dict>
		<key>458C27101CAA698F004575FC</key>
		<dict>
			<key>children</key>
			<array>
				<string>458C27171CAA6E05004575FC</string>
			</array>
			<key>isa</key>
			<string>PBXGroup</string>
			<key>path</key>
			<string>&#23458;&#25143;</string>
			<key>sourceTree</key>
			<string>&lt;group&gt;</string>
		</dict>
		<key>458C27111CAA698F004575FC</key>
		<dict>
			<key>children</key>
			<array>
				<string>458C27191CAA6E24004575FC</string>
			</array>
			<key>isa</key>
			<string>PBXGroup</string>
			<key>path</key>
			<string>&#25105;&#30340;</string>
			<key>sourceTree</key>
			<string>&lt;group&gt;</string>
		</dict>
		<key>458C27121CAA6D8E004575FC</key>
		<dict>
			<key>fileEncoding</key>
			<string>4</string>
			<key>isa</key>
			<string>PBXFileReference</string>
			<key>lastKnownFileType</key>
			<string>sourcecode.swift</string>
			<key>path</key>
			<string>ActivityViewController.swift</string>
			<key>sourceTree</key>
			<string>&lt;group&gt;</string>
		</dict>
		<key>458C27131CAA6D8E004575FC</key>
		<dict>
			<key>fileRef</key>
			<string>458C27121CAA6D8E004575FC</string>
			<key>isa</key>
			<string>PBXBuildFile</string>
		</dict>
		<key>458C27141CAA6DAA004575FC</key>
		<dict>
			<key>children</key>
			<array>
				<string>458C27151CAA6DB9004575FC</string>
				<string>458C27221CAA7C04004575FC</string>
			</array>
			<key>isa</key>
			<string>PBXGroup</string>
			<key>path</key>
			<string>Base</string>
			<key>sourceTree</key>
			<string>&lt;group&gt;</string>
		</dict>
		<key>458C27151CAA6DB9004575FC</key>
		<dict>
			<key>fileEncoding</key>
			<string>4</string>
			<key>isa</key>
			<string>PBXFileReference</string>
			<key>lastKnownFileType</key>
			<string>sourcecode.swift</string>
			<key>path</key>
			<string>BaseViewController.swift</string>
			<key>sourceTree</key>
			<string>&lt;group&gt;</string>
		</dict>
		<key>458C27161CAA6DB9004575FC</key>
		<dict>
			<key>fileRef</key>
			<string>458C27151CAA6DB9004575FC</string>
			<key>isa</key>
			<string>PBXBuildFile</string>
		</dict>
		<key>458C27171CAA6E05004575FC</key>
		<dict>
			<key>fileEncoding</key>
			<string>4</string>
			<key>isa</key>
			<string>PBXFileReference</string>
			<key>lastKnownFileType</key>
			<string>sourcecode.swift</string>
			<key>path</key>
			<string>ClientViewController.swift</string>
			<key>sourceTree</key>
			<string>&lt;group&gt;</string>
		</dict>
		<key>458C27181CAA6E05004575FC</key>
		<dict>
			<key>fileRef</key>
			<string>458C27171CAA6E05004575FC</string>
			<key>isa</key>
			<string>PBXBuildFile</string>
		</dict>
		<key>458C27191CAA6E24004575FC</key>
		<dict>
			<key>fileEncoding</key>
			<string>4</string>
			<key>isa</key>
			<string>PBXFileReference</string>
			<key>lastKnownFileType</key>
			<string>sourcecode.swift</string>
			<key>path</key>
			<string>ProfileViewController.swift</string>
			<key>sourceTree</key>
			<string>&lt;group&gt;</string>
		</dict>
		<key>458C271A1CAA6E24004575FC</key>
		<dict>
			<key>fileRef</key>
			<string>458C27191CAA6E24004575FC</string>
			<key>isa</key>
			<string>PBXBuildFile</string>
		</dict>
		<key>458C271B1CAA7AA3004575FC</key>
		<dict>
			<key>children</key>
			<array>
				<string>458C271E1CAA7AF0004575FC</string>
				<string>458C27201CAA7AFE004575FC</string>
			</array>
			<key>isa</key>
			<string>PBXGroup</string>
			<key>name</key>
			<string>Cells</string>
			<key>sourceTree</key>
			<string>&lt;group&gt;</string>
		</dict>
		<key>458C271E1CAA7AF0004575FC</key>
		<dict>
			<key>fileEncoding</key>
			<string>4</string>
			<key>isa</key>
			<string>PBXFileReference</string>
			<key>lastKnownFileType</key>
			<string>sourcecode.swift</string>
			<key>path</key>
			<string>ActivityCell.swift</string>
			<key>sourceTree</key>
			<string>&lt;group&gt;</string>
		</dict>
		<key>458C271F1CAA7AF0004575FC</key>
		<dict>
			<key>fileRef</key>
			<string>458C271E1CAA7AF0004575FC</string>
			<key>isa</key>
			<string>PBXBuildFile</string>
		</dict>
		<key>458C27201CAA7AFE004575FC</key>
		<dict>
			<key>fileEncoding</key>
			<string>4</string>
			<key>isa</key>
			<string>PBXFileReference</string>
			<key>lastKnownFileType</key>
			<string>file.xib</string>
			<key>path</key>
			<string>ActivityCell.xib</string>
			<key>sourceTree</key>
			<string>&lt;group&gt;</string>
		</dict>
		<key>458C27211CAA7AFE004575FC</key>
		<dict>
			<key>fileRef</key>
			<string>458C27201CAA7AFE004575FC</string>
			<key>isa</key>
			<string>PBXBuildFile</string>
		</dict>
		<key>458C27221CAA7C04004575FC</key>
		<dict>
			<key>fileEncoding</key>
			<string>4</string>
			<key>isa</key>
			<string>PBXFileReference</string>
			<key>lastKnownFileType</key>
			<string>sourcecode.swift</string>
			<key>path</key>
			<string>BaseTableViewCell.swift</string>
			<key>sourceTree</key>
			<string>&lt;group&gt;</string>
		</dict>
		<key>458C27231CAA7C04004575FC</key>
		<dict>
			<key>fileRef</key>
			<string>458C27221CAA7C04004575FC</string>
			<key>isa</key>
			<string>PBXBuildFile</string>
		</dict>
		<key>45D0521D1CAA594300BB1738</key>
		<dict>
			<key>children</key>
			<array>
				<string>45D052281CAA594400BB1738</string>
				<string>45D0523F1CAA594400BB1738</string>
				<string>45D0524A1CAA594400BB1738</string>
				<string>45D052271CAA594300BB1738</string>
				<string>8C4805F9BB3D2076624D1800</string>
				<string>FC692B0599AC567BCCB49FFF</string>
			</array>
			<key>isa</key>
			<string>PBXGroup</string>
			<key>sourceTree</key>
			<string>&lt;group&gt;</string>
		</dict>
		<key>45D0521E1CAA594300BB1738</key>
		<dict>
			<key>attributes</key>
			<dict>
				<key>LastSwiftUpdateCheck</key>
				<string>0730</string>
				<key>LastUpgradeCheck</key>
				<string>0730</string>
				<key>ORGANIZATIONNAME</key>
				<string>rayjuneWu</string>
				<key>TargetAttributes</key>
				<dict>
					<key>45D052251CAA594300BB1738</key>
					<dict>
						<key>CreatedOnToolsVersion</key>
						<string>7.3</string>
					</dict>
					<key>45D0523B1CAA594400BB1738</key>
					<dict>
						<key>CreatedOnToolsVersion</key>
						<string>7.3</string>
						<key>TestTargetID</key>
						<string>45D052251CAA594300BB1738</string>
					</dict>
					<key>45D052461CAA594400BB1738</key>
					<dict>
						<key>CreatedOnToolsVersion</key>
						<string>7.3</string>
						<key>TestTargetID</key>
						<string>45D052251CAA594300BB1738</string>
					</dict>
				</dict>
			</dict>
			<key>buildConfigurationList</key>
			<string>45D052211CAA594300BB1738</string>
			<key>compatibilityVersion</key>
			<string>Xcode 3.2</string>
			<key>developmentRegion</key>
			<string>English</string>
			<key>hasScannedForEncodings</key>
			<string>0</string>
			<key>isa</key>
			<string>PBXProject</string>
			<key>knownRegions</key>
			<array>
				<string>en</string>
				<string>Base</string>
			</array>
			<key>mainGroup</key>
			<string>45D0521D1CAA594300BB1738</string>
			<key>productRefGroup</key>
			<string>45D052271CAA594300BB1738</string>
			<key>projectDirPath</key>
			<string></string>
			<key>projectReferences</key>
			<array/>
			<key>projectRoot</key>
			<string></string>
			<key>targets</key>
			<array>
				<string>45D052251CAA594300BB1738</string>
				<string>45D0523B1CAA594400BB1738</string>
				<string>45D052461CAA594400BB1738</string>
			</array>
		</dict>
		<key>45D052211CAA594300BB1738</key>
		<dict>
			<key>buildConfigurations</key>
			<array>
				<string>45D0524E1CAA594400BB1738</string>
				<string>45D0524F1CAA594400BB1738</string>
			</array>
			<key>defaultConfigurationIsVisible</key>
			<string>0</string>
			<key>defaultConfigurationName</key>
			<string>Release</string>
			<key>isa</key>
			<string>XCConfigurationList</string>
		</dict>
		<key>45D052221CAA594300BB1738</key>
		<dict>
			<key>buildActionMask</key>
			<string>2147483647</string>
			<key>files</key>
			<array>
				<string>4523B3F11CACBDDC00811E50</string>
				<string>458C27161CAA6DB9004575FC</string>
				<string>45D0522A1CAA594400BB1738</string>
				<string>458C271A1CAA6E24004575FC</string>
				<string>458C27131CAA6D8E004575FC</string>
				<string>4523B3FC1CACFD8A00811E50</string>
				<string>4523B3EF1CACBB9F00811E50</string>
				<string>4523B3F41CACD0ED00811E50</string>
				<string>458C27231CAA7C04004575FC</string>
				<string>458C271F1CAA7AF0004575FC</string>
				<string>458C27181CAA6E05004575FC</string>
			</array>
			<key>isa</key>
			<string>PBXSourcesBuildPhase</string>
			<key>runOnlyForDeploymentPostprocessing</key>
			<string>0</string>
		</dict>
		<key>45D052231CAA594300BB1738</key>
		<dict>
			<key>buildActionMask</key>
			<string>2147483647</string>
			<key>files</key>
			<array>
				<string>CF96432054E88CA928ACE1F8</string>
			</array>
			<key>isa</key>
			<string>PBXFrameworksBuildPhase</string>
			<key>runOnlyForDeploymentPostprocessing</key>
			<string>0</string>
		</dict>
		<key>45D052241CAA594300BB1738</key>
		<dict>
			<key>buildActionMask</key>
			<string>2147483647</string>
			<key>files</key>
			<array>
				<string>4523B3F91CACD1CA00811E50</string>
				<string>45D052361CAA594400BB1738</string>
				<string>4523B3FF1CACFDD500811E50</string>
				<string>45D052331CAA594400BB1738</string>
				<string>458C27211CAA7AFE004575FC</string>
				<string>45D052311CAA594400BB1738</string>
			</array>
			<key>isa</key>
			<string>PBXResourcesBuildPhase</string>
			<key>runOnlyForDeploymentPostprocessing</key>
			<string>0</string>
		</dict>
		<key>45D052251CAA594300BB1738</key>
		<dict>
			<key>buildConfigurationList</key>
			<string>45D052501CAA594400BB1738</string>
			<key>buildPhases</key>
			<array>
				<string>890597BBE7CD25E78E703D82</string>
				<string>45D052221CAA594300BB1738</string>
				<string>45D052231CAA594300BB1738</string>
				<string>45D052241CAA594300BB1738</string>
				<string>74F1E6986241B246EDB9612D</string>
				<string>038A3EAE06C901028F9B25C2</string>
			</array>
			<key>buildRules</key>
			<array/>
			<key>dependencies</key>
			<array/>
			<key>isa</key>
			<string>PBXNativeTarget</string>
			<key>name</key>
			<string>Zeus</string>
			<key>productName</key>
			<string>Zeus</string>
			<key>productReference</key>
			<string>45D052261CAA594300BB1738</string>
			<key>productType</key>
			<string>com.apple.product-type.application</string>
		</dict>
		<key>45D052261CAA594300BB1738</key>
		<dict>
			<key>explicitFileType</key>
			<string>wrapper.application</string>
			<key>includeInIndex</key>
			<string>0</string>
			<key>isa</key>
			<string>PBXFileReference</string>
			<key>path</key>
			<string>Zeus.app</string>
			<key>sourceTree</key>
			<string>BUILT_PRODUCTS_DIR</string>
		</dict>
		<key>45D052271CAA594300BB1738</key>
		<dict>
			<key>children</key>
			<array>
				<string>45D052261CAA594300BB1738</string>
				<string>45D0523C1CAA594400BB1738</string>
				<string>45D052471CAA594400BB1738</string>
			</array>
			<key>isa</key>
			<string>PBXGroup</string>
			<key>name</key>
			<string>Products</string>
			<key>sourceTree</key>
			<string>&lt;group&gt;</string>
		</dict>
		<key>45D052281CAA594400BB1738</key>
		<dict>
			<key>children</key>
			<array>
				<string>458C27141CAA6DAA004575FC</string>
				<string>458C270B1CAA6915004575FC</string>
				<string>458C270C1CAA6915004575FC</string>
				<string>458C270D1CAA6915004575FC</string>
				<string>458C270E1CAA6915004575FC</string>
				<string>45D052291CAA594400BB1738</string>
				<string>45D0522F1CAA594400BB1738</string>
				<string>45D052321CAA594400BB1738</string>
				<string>45D052341CAA594400BB1738</string>
				<string>45D052371CAA594400BB1738</string>
			</array>
			<key>isa</key>
			<string>PBXGroup</string>
			<key>path</key>
			<string>Zeus</string>
			<key>sourceTree</key>
			<string>&lt;group&gt;</string>
		</dict>
		<key>45D052291CAA594400BB1738</key>
		<dict>
			<key>isa</key>
			<string>PBXFileReference</string>
			<key>lastKnownFileType</key>
			<string>sourcecode.swift</string>
			<key>path</key>
			<string>AppDelegate.swift</string>
			<key>sourceTree</key>
			<string>&lt;group&gt;</string>
		</dict>
		<key>45D0522A1CAA594400BB1738</key>
		<dict>
			<key>fileRef</key>
			<string>45D052291CAA594400BB1738</string>
			<key>isa</key>
			<string>PBXBuildFile</string>
		</dict>
		<key>45D0522F1CAA594400BB1738</key>
		<dict>
			<key>children</key>
			<array>
				<string>45D052301CAA594400BB1738</string>
			</array>
			<key>isa</key>
			<string>PBXVariantGroup</string>
			<key>name</key>
			<string>Main.storyboard</string>
			<key>sourceTree</key>
			<string>&lt;group&gt;</string>
		</dict>
		<key>45D052301CAA594400BB1738</key>
		<dict>
			<key>isa</key>
			<string>PBXFileReference</string>
			<key>lastKnownFileType</key>
			<string>file.storyboard</string>
			<key>name</key>
			<string>Base</string>
			<key>path</key>
			<string>Base.lproj/Main.storyboard</string>
			<key>sourceTree</key>
			<string>&lt;group&gt;</string>
		</dict>
		<key>45D052311CAA594400BB1738</key>
		<dict>
			<key>fileRef</key>
			<string>45D0522F1CAA594400BB1738</string>
			<key>isa</key>
			<string>PBXBuildFile</string>
		</dict>
		<key>45D052321CAA594400BB1738</key>
		<dict>
			<key>isa</key>
			<string>PBXFileReference</string>
			<key>lastKnownFileType</key>
			<string>folder.assetcatalog</string>
			<key>path</key>
			<string>Assets.xcassets</string>
			<key>sourceTree</key>
			<string>&lt;group&gt;</string>
		</dict>
		<key>45D052331CAA594400BB1738</key>
		<dict>
			<key>fileRef</key>
			<string>45D052321CAA594400BB1738</string>
			<key>isa</key>
			<string>PBXBuildFile</string>
		</dict>
		<key>45D052341CAA594400BB1738</key>
		<dict>
			<key>children</key>
			<array>
				<string>45D052351CAA594400BB1738</string>
			</array>
			<key>isa</key>
			<string>PBXVariantGroup</string>
			<key>name</key>
			<string>LaunchScreen.storyboard</string>
			<key>sourceTree</key>
			<string>&lt;group&gt;</string>
		</dict>
		<key>45D052351CAA594400BB1738</key>
		<dict>
			<key>isa</key>
			<string>PBXFileReference</string>
			<key>lastKnownFileType</key>
			<string>file.storyboard</string>
			<key>name</key>
			<string>Base</string>
			<key>path</key>
			<string>Base.lproj/LaunchScreen.storyboard</string>
			<key>sourceTree</key>
			<string>&lt;group&gt;</string>
		</dict>
		<key>45D052361CAA594400BB1738</key>
		<dict>
			<key>fileRef</key>
			<string>45D052341CAA594400BB1738</string>
			<key>isa</key>
			<string>PBXBuildFile</string>
		</dict>
		<key>45D052371CAA594400BB1738</key>
		<dict>
			<key>isa</key>
			<string>PBXFileReference</string>
			<key>lastKnownFileType</key>
			<string>text.plist.xml</string>
			<key>path</key>
			<string>Info.plist</string>
			<key>sourceTree</key>
			<string>&lt;group&gt;</string>
		</dict>
		<key>45D052381CAA594400BB1738</key>
		<dict>
			<key>buildActionMask</key>
			<string>2147483647</string>
			<key>files</key>
			<array>
				<string>45D052411CAA594400BB1738</string>
			</array>
			<key>isa</key>
			<string>PBXSourcesBuildPhase</string>
			<key>runOnlyForDeploymentPostprocessing</key>
			<string>0</string>
		</dict>
		<key>45D052391CAA594400BB1738</key>
		<dict>
			<key>buildActionMask</key>
			<string>2147483647</string>
			<key>files</key>
			<array/>
			<key>isa</key>
			<string>PBXFrameworksBuildPhase</string>
			<key>runOnlyForDeploymentPostprocessing</key>
			<string>0</string>
		</dict>
		<key>45D0523A1CAA594400BB1738</key>
		<dict>
			<key>buildActionMask</key>
			<string>2147483647</string>
			<key>files</key>
			<array/>
			<key>isa</key>
			<string>PBXResourcesBuildPhase</string>
			<key>runOnlyForDeploymentPostprocessing</key>
			<string>0</string>
		</dict>
		<key>45D0523B1CAA594400BB1738</key>
		<dict>
			<key>buildConfigurationList</key>
			<string>45D052531CAA594400BB1738</string>
			<key>buildPhases</key>
			<array>
				<string>45D052381CAA594400BB1738</string>
				<string>45D052391CAA594400BB1738</string>
				<string>45D0523A1CAA594400BB1738</string>
			</array>
			<key>buildRules</key>
			<array/>
			<key>dependencies</key>
			<array>
				<string>45D0523E1CAA594400BB1738</string>
			</array>
			<key>isa</key>
			<string>PBXNativeTarget</string>
			<key>name</key>
			<string>ZeusTests</string>
			<key>productName</key>
			<string>ZeusTests</string>
			<key>productReference</key>
			<string>45D0523C1CAA594400BB1738</string>
			<key>productType</key>
			<string>com.apple.product-type.bundle.unit-test</string>
		</dict>
		<key>45D0523C1CAA594400BB1738</key>
		<dict>
			<key>explicitFileType</key>
			<string>wrapper.cfbundle</string>
			<key>includeInIndex</key>
			<string>0</string>
			<key>isa</key>
			<string>PBXFileReference</string>
			<key>path</key>
			<string>ZeusTests.xctest</string>
			<key>sourceTree</key>
			<string>BUILT_PRODUCTS_DIR</string>
		</dict>
		<key>45D0523D1CAA594400BB1738</key>
		<dict>
			<key>containerPortal</key>
			<string>45D0521E1CAA594300BB1738</string>
			<key>isa</key>
			<string>PBXContainerItemProxy</string>
			<key>proxyType</key>
			<string>1</string>
			<key>remoteGlobalIDString</key>
			<string>45D052251CAA594300BB1738</string>
			<key>remoteInfo</key>
			<string>Zeus</string>
		</dict>
		<key>45D0523E1CAA594400BB1738</key>
		<dict>
			<key>isa</key>
			<string>PBXTargetDependency</string>
			<key>target</key>
			<string>45D052251CAA594300BB1738</string>
			<key>targetProxy</key>
			<string>45D0523D1CAA594400BB1738</string>
		</dict>
		<key>45D0523F1CAA594400BB1738</key>
		<dict>
			<key>children</key>
			<array>
				<string>45D052401CAA594400BB1738</string>
				<string>45D052421CAA594400BB1738</string>
			</array>
			<key>isa</key>
			<string>PBXGroup</string>
			<key>path</key>
			<string>ZeusTests</string>
			<key>sourceTree</key>
			<string>&lt;group&gt;</string>
		</dict>
		<key>45D052401CAA594400BB1738</key>
		<dict>
			<key>isa</key>
			<string>PBXFileReference</string>
			<key>lastKnownFileType</key>
			<string>sourcecode.swift</string>
			<key>path</key>
			<string>ZeusTests.swift</string>
			<key>sourceTree</key>
			<string>&lt;group&gt;</string>
		</dict>
		<key>45D052411CAA594400BB1738</key>
		<dict>
			<key>fileRef</key>
			<string>45D052401CAA594400BB1738</string>
			<key>isa</key>
			<string>PBXBuildFile</string>
		</dict>
		<key>45D052421CAA594400BB1738</key>
		<dict>
			<key>isa</key>
			<string>PBXFileReference</string>
			<key>lastKnownFileType</key>
			<string>text.plist.xml</string>
			<key>path</key>
			<string>Info.plist</string>
			<key>sourceTree</key>
			<string>&lt;group&gt;</string>
		</dict>
		<key>45D052431CAA594400BB1738</key>
		<dict>
			<key>buildActionMask</key>
			<string>2147483647</string>
			<key>files</key>
			<array>
				<string>45D0524C1CAA594400BB1738</string>
			</array>
			<key>isa</key>
			<string>PBXSourcesBuildPhase</string>
			<key>runOnlyForDeploymentPostprocessing</key>
			<string>0</string>
		</dict>
		<key>45D052441CAA594400BB1738</key>
		<dict>
			<key>buildActionMask</key>
			<string>2147483647</string>
			<key>files</key>
			<array/>
			<key>isa</key>
			<string>PBXFrameworksBuildPhase</string>
			<key>runOnlyForDeploymentPostprocessing</key>
			<string>0</string>
		</dict>
		<key>45D052451CAA594400BB1738</key>
		<dict>
			<key>buildActionMask</key>
			<string>2147483647</string>
			<key>files</key>
			<array/>
			<key>isa</key>
			<string>PBXResourcesBuildPhase</string>
			<key>runOnlyForDeploymentPostprocessing</key>
			<string>0</string>
		</dict>
		<key>45D052461CAA594400BB1738</key>
		<dict>
			<key>buildConfigurationList</key>
			<string>45D052561CAA594400BB1738</string>
			<key>buildPhases</key>
			<array>
				<string>45D052431CAA594400BB1738</string>
				<string>45D052441CAA594400BB1738</string>
				<string>45D052451CAA594400BB1738</string>
			</array>
			<key>buildRules</key>
			<array/>
			<key>dependencies</key>
			<array>
				<string>45D052491CAA594400BB1738</string>
			</array>
			<key>isa</key>
			<string>PBXNativeTarget</string>
			<key>name</key>
			<string>ZeusUITests</string>
			<key>productName</key>
			<string>ZeusUITests</string>
			<key>productReference</key>
			<string>45D052471CAA594400BB1738</string>
			<key>productType</key>
			<string>com.apple.product-type.bundle.ui-testing</string>
		</dict>
		<key>45D052471CAA594400BB1738</key>
		<dict>
			<key>explicitFileType</key>
			<string>wrapper.cfbundle</string>
			<key>includeInIndex</key>
			<string>0</string>
			<key>isa</key>
			<string>PBXFileReference</string>
			<key>path</key>
			<string>ZeusUITests.xctest</string>
			<key>sourceTree</key>
			<string>BUILT_PRODUCTS_DIR</string>
		</dict>
		<key>45D052481CAA594400BB1738</key>
		<dict>
			<key>containerPortal</key>
			<string>45D0521E1CAA594300BB1738</string>
			<key>isa</key>
			<string>PBXContainerItemProxy</string>
			<key>proxyType</key>
			<string>1</string>
			<key>remoteGlobalIDString</key>
			<string>45D052251CAA594300BB1738</string>
			<key>remoteInfo</key>
			<string>Zeus</string>
		</dict>
		<key>45D052491CAA594400BB1738</key>
		<dict>
			<key>isa</key>
			<string>PBXTargetDependency</string>
			<key>target</key>
			<string>45D052251CAA594300BB1738</string>
			<key>targetProxy</key>
			<string>45D052481CAA594400BB1738</string>
		</dict>
		<key>45D0524A1CAA594400BB1738</key>
		<dict>
			<key>children</key>
			<array>
				<string>45D0524B1CAA594400BB1738</string>
				<string>45D0524D1CAA594400BB1738</string>
			</array>
			<key>isa</key>
			<string>PBXGroup</string>
			<key>path</key>
			<string>ZeusUITests</string>
			<key>sourceTree</key>
			<string>&lt;group&gt;</string>
		</dict>
		<key>45D0524B1CAA594400BB1738</key>
		<dict>
			<key>isa</key>
			<string>PBXFileReference</string>
			<key>lastKnownFileType</key>
			<string>sourcecode.swift</string>
			<key>path</key>
			<string>ZeusUITests.swift</string>
			<key>sourceTree</key>
			<string>&lt;group&gt;</string>
		</dict>
		<key>45D0524C1CAA594400BB1738</key>
		<dict>
			<key>fileRef</key>
			<string>45D0524B1CAA594400BB1738</string>
			<key>isa</key>
			<string>PBXBuildFile</string>
		</dict>
		<key>45D0524D1CAA594400BB1738</key>
		<dict>
			<key>isa</key>
			<string>PBXFileReference</string>
			<key>lastKnownFileType</key>
			<string>text.plist.xml</string>
			<key>path</key>
			<string>Info.plist</string>
			<key>sourceTree</key>
			<string>&lt;group&gt;</string>
		</dict>
		<key>45D0524E1CAA594400BB1738</key>
		<dict>
			<key>buildSettings</key>
			<dict>
				<key>ALWAYS_SEARCH_USER_PATHS</key>
				<string>NO</string>
				<key>CLANG_ANALYZER_NONNULL</key>
				<string>YES</string>
				<key>CLANG_CXX_LANGUAGE_STANDARD</key>
				<string>gnu++0x</string>
				<key>CLANG_CXX_LIBRARY</key>
				<string>libc++</string>
				<key>CLANG_ENABLE_MODULES</key>
				<string>YES</string>
				<key>CLANG_ENABLE_OBJC_ARC</key>
				<string>YES</string>
				<key>CLANG_WARN_BOOL_CONVERSION</key>
				<string>YES</string>
				<key>CLANG_WARN_CONSTANT_CONVERSION</key>
				<string>YES</string>
				<key>CLANG_WARN_DIRECT_OBJC_ISA_USAGE</key>
				<string>YES_ERROR</string>
				<key>CLANG_WARN_EMPTY_BODY</key>
				<string>YES</string>
				<key>CLANG_WARN_ENUM_CONVERSION</key>
				<string>YES</string>
				<key>CLANG_WARN_INT_CONVERSION</key>
				<string>YES</string>
				<key>CLANG_WARN_OBJC_ROOT_CLASS</key>
				<string>YES_ERROR</string>
				<key>CLANG_WARN_UNREACHABLE_CODE</key>
				<string>YES</string>
				<key>CLANG_WARN__DUPLICATE_METHOD_MATCH</key>
				<string>YES</string>
				<key>CODE_SIGN_IDENTITY[sdk=iphoneos*]</key>
				<string>iPhone Developer</string>
				<key>COPY_PHASE_STRIP</key>
				<string>NO</string>
				<key>DEBUG_INFORMATION_FORMAT</key>
				<string>dwarf</string>
				<key>ENABLE_STRICT_OBJC_MSGSEND</key>
				<string>YES</string>
				<key>ENABLE_TESTABILITY</key>
				<string>YES</string>
				<key>GCC_C_LANGUAGE_STANDARD</key>
				<string>gnu99</string>
				<key>GCC_DYNAMIC_NO_PIC</key>
				<string>NO</string>
				<key>GCC_NO_COMMON_BLOCKS</key>
				<string>YES</string>
				<key>GCC_OPTIMIZATION_LEVEL</key>
				<string>0</string>
				<key>GCC_PREPROCESSOR_DEFINITIONS</key>
				<array>
					<string>DEBUG=1</string>
					<string>$(inherited)</string>
				</array>
				<key>GCC_WARN_64_TO_32_BIT_CONVERSION</key>
				<string>YES</string>
				<key>GCC_WARN_ABOUT_RETURN_TYPE</key>
				<string>YES_ERROR</string>
				<key>GCC_WARN_UNDECLARED_SELECTOR</key>
				<string>YES</string>
				<key>GCC_WARN_UNINITIALIZED_AUTOS</key>
				<string>YES_AGGRESSIVE</string>
				<key>GCC_WARN_UNUSED_FUNCTION</key>
				<string>YES</string>
				<key>GCC_WARN_UNUSED_VARIABLE</key>
				<string>YES</string>
				<key>IPHONEOS_DEPLOYMENT_TARGET</key>
				<string>9.3</string>
				<key>MTL_ENABLE_DEBUG_INFO</key>
				<string>YES</string>
				<key>ONLY_ACTIVE_ARCH</key>
				<string>YES</string>
				<key>SDKROOT</key>
				<string>iphoneos</string>
				<key>SWIFT_OPTIMIZATION_LEVEL</key>
				<string>-Onone</string>
			</dict>
			<key>isa</key>
			<string>XCBuildConfiguration</string>
			<key>name</key>
			<string>Debug</string>
		</dict>
		<key>45D0524F1CAA594400BB1738</key>
		<dict>
			<key>buildSettings</key>
			<dict>
				<key>ALWAYS_SEARCH_USER_PATHS</key>
				<string>NO</string>
				<key>CLANG_ANALYZER_NONNULL</key>
				<string>YES</string>
				<key>CLANG_CXX_LANGUAGE_STANDARD</key>
				<string>gnu++0x</string>
				<key>CLANG_CXX_LIBRARY</key>
				<string>libc++</string>
				<key>CLANG_ENABLE_MODULES</key>
				<string>YES</string>
				<key>CLANG_ENABLE_OBJC_ARC</key>
				<string>YES</string>
				<key>CLANG_WARN_BOOL_CONVERSION</key>
				<string>YES</string>
				<key>CLANG_WARN_CONSTANT_CONVERSION</key>
				<string>YES</string>
				<key>CLANG_WARN_DIRECT_OBJC_ISA_USAGE</key>
				<string>YES_ERROR</string>
				<key>CLANG_WARN_EMPTY_BODY</key>
				<string>YES</string>
				<key>CLANG_WARN_ENUM_CONVERSION</key>
				<string>YES</string>
				<key>CLANG_WARN_INT_CONVERSION</key>
				<string>YES</string>
				<key>CLANG_WARN_OBJC_ROOT_CLASS</key>
				<string>YES_ERROR</string>
				<key>CLANG_WARN_UNREACHABLE_CODE</key>
				<string>YES</string>
				<key>CLANG_WARN__DUPLICATE_METHOD_MATCH</key>
				<string>YES</string>
				<key>CODE_SIGN_IDENTITY[sdk=iphoneos*]</key>
				<string>iPhone Developer</string>
				<key>COPY_PHASE_STRIP</key>
				<string>NO</string>
				<key>DEBUG_INFORMATION_FORMAT</key>
				<string>dwarf-with-dsym</string>
				<key>ENABLE_NS_ASSERTIONS</key>
				<string>NO</string>
				<key>ENABLE_STRICT_OBJC_MSGSEND</key>
				<string>YES</string>
				<key>GCC_C_LANGUAGE_STANDARD</key>
				<string>gnu99</string>
				<key>GCC_NO_COMMON_BLOCKS</key>
				<string>YES</string>
				<key>GCC_WARN_64_TO_32_BIT_CONVERSION</key>
				<string>YES</string>
				<key>GCC_WARN_ABOUT_RETURN_TYPE</key>
				<string>YES_ERROR</string>
				<key>GCC_WARN_UNDECLARED_SELECTOR</key>
				<string>YES</string>
				<key>GCC_WARN_UNINITIALIZED_AUTOS</key>
				<string>YES_AGGRESSIVE</string>
				<key>GCC_WARN_UNUSED_FUNCTION</key>
				<string>YES</string>
				<key>GCC_WARN_UNUSED_VARIABLE</key>
				<string>YES</string>
				<key>IPHONEOS_DEPLOYMENT_TARGET</key>
				<string>9.3</string>
				<key>MTL_ENABLE_DEBUG_INFO</key>
				<string>NO</string>
				<key>SDKROOT</key>
				<string>iphoneos</string>
				<key>VALIDATE_PRODUCT</key>
				<string>YES</string>
			</dict>
			<key>isa</key>
			<string>XCBuildConfiguration</string>
			<key>name</key>
			<string>Release</string>
		</dict>
		<key>45D052501CAA594400BB1738</key>
		<dict>
			<key>buildConfigurations</key>
			<array>
				<string>45D052511CAA594400BB1738</string>
				<string>45D052521CAA594400BB1738</string>
			</array>
			<key>defaultConfigurationIsVisible</key>
			<string>0</string>
			<key>defaultConfigurationName</key>
			<string>Release</string>
			<key>isa</key>
			<string>XCConfigurationList</string>
		</dict>
		<key>45D052511CAA594400BB1738</key>
		<dict>
			<key>baseConfigurationReference</key>
			<string>054A9FFFFB89F87101B7258A</string>
			<key>buildSettings</key>
			<dict>
				<key>ASSETCATALOG_COMPILER_APPICON_NAME</key>
				<string>AppIcon</string>
				<key>INFOPLIST_FILE</key>
				<string>Zeus/Info.plist</string>
				<key>IPHONEOS_DEPLOYMENT_TARGET</key>
				<string>8.0</string>
				<key>LD_RUNPATH_SEARCH_PATHS</key>
				<string>$(inherited) @executable_path/Frameworks</string>
				<key>PRODUCT_BUNDLE_IDENTIFIER</key>
				<string>com.hesheng.Zeus</string>
				<key>PRODUCT_NAME</key>
				<string>$(TARGET_NAME)</string>
			</dict>
			<key>isa</key>
			<string>XCBuildConfiguration</string>
			<key>name</key>
			<string>Debug</string>
		</dict>
		<key>45D052521CAA594400BB1738</key>
		<dict>
			<key>baseConfigurationReference</key>
			<string>7F03FDE68F71AC8018F8842C</string>
			<key>buildSettings</key>
			<dict>
				<key>ASSETCATALOG_COMPILER_APPICON_NAME</key>
				<string>AppIcon</string>
				<key>INFOPLIST_FILE</key>
				<string>Zeus/Info.plist</string>
				<key>IPHONEOS_DEPLOYMENT_TARGET</key>
				<string>8.0</string>
				<key>LD_RUNPATH_SEARCH_PATHS</key>
				<string>$(inherited) @executable_path/Frameworks</string>
				<key>PRODUCT_BUNDLE_IDENTIFIER</key>
				<string>com.hesheng.Zeus</string>
				<key>PRODUCT_NAME</key>
				<string>$(TARGET_NAME)</string>
			</dict>
			<key>isa</key>
			<string>XCBuildConfiguration</string>
			<key>name</key>
			<string>Release</string>
		</dict>
		<key>45D052531CAA594400BB1738</key>
		<dict>
			<key>buildConfigurations</key>
			<array>
				<string>45D052541CAA594400BB1738</string>
				<string>45D052551CAA594400BB1738</string>
			</array>
			<key>defaultConfigurationIsVisible</key>
			<string>0</string>
			<key>defaultConfigurationName</key>
			<string>Release</string>
			<key>isa</key>
			<string>XCConfigurationList</string>
		</dict>
		<key>45D052541CAA594400BB1738</key>
		<dict>
			<key>buildSettings</key>
			<dict>
				<key>BUNDLE_LOADER</key>
				<string>$(TEST_HOST)</string>
				<key>INFOPLIST_FILE</key>
				<string>ZeusTests/Info.plist</string>
				<key>LD_RUNPATH_SEARCH_PATHS</key>
				<string>$(inherited) @executable_path/Frameworks @loader_path/Frameworks</string>
				<key>PRODUCT_BUNDLE_IDENTIFIER</key>
				<string>com.hesheng.ZeusTests</string>
				<key>PRODUCT_NAME</key>
				<string>$(TARGET_NAME)</string>
				<key>TEST_HOST</key>
				<string>$(BUILT_PRODUCTS_DIR)/Zeus.app/Zeus</string>
			</dict>
			<key>isa</key>
			<string>XCBuildConfiguration</string>
			<key>name</key>
			<string>Debug</string>
		</dict>
		<key>45D052551CAA594400BB1738</key>
		<dict>
			<key>buildSettings</key>
			<dict>
				<key>BUNDLE_LOADER</key>
				<string>$(TEST_HOST)</string>
				<key>INFOPLIST_FILE</key>
				<string>ZeusTests/Info.plist</string>
				<key>LD_RUNPATH_SEARCH_PATHS</key>
				<string>$(inherited) @executable_path/Frameworks @loader_path/Frameworks</string>
				<key>PRODUCT_BUNDLE_IDENTIFIER</key>
				<string>com.hesheng.ZeusTests</string>
				<key>PRODUCT_NAME</key>
				<string>$(TARGET_NAME)</string>
				<key>TEST_HOST</key>
				<string>$(BUILT_PRODUCTS_DIR)/Zeus.app/Zeus</string>
			</dict>
			<key>isa</key>
			<string>XCBuildConfiguration</string>
			<key>name</key>
			<string>Release</string>
		</dict>
		<key>45D052561CAA594400BB1738</key>
		<dict>
			<key>buildConfigurations</key>
			<array>
				<string>45D052571CAA594400BB1738</string>
				<string>45D052581CAA594400BB1738</string>
			</array>
			<key>defaultConfigurationIsVisible</key>
			<string>0</string>
			<key>defaultConfigurationName</key>
			<string>Release</string>
			<key>isa</key>
			<string>XCConfigurationList</string>
		</dict>
		<key>45D052571CAA594400BB1738</key>
		<dict>
			<key>buildSettings</key>
			<dict>
				<key>INFOPLIST_FILE</key>
				<string>ZeusUITests/Info.plist</string>
				<key>LD_RUNPATH_SEARCH_PATHS</key>
				<string>$(inherited) @executable_path/Frameworks @loader_path/Frameworks</string>
				<key>PRODUCT_BUNDLE_IDENTIFIER</key>
				<string>com.hesheng.ZeusUITests</string>
				<key>PRODUCT_NAME</key>
				<string>$(TARGET_NAME)</string>
				<key>TEST_TARGET_NAME</key>
				<string>Zeus</string>
			</dict>
			<key>isa</key>
			<string>XCBuildConfiguration</string>
			<key>name</key>
			<string>Debug</string>
		</dict>
		<key>45D052581CAA594400BB1738</key>
		<dict>
			<key>buildSettings</key>
			<dict>
				<key>INFOPLIST_FILE</key>
				<string>ZeusUITests/Info.plist</string>
				<key>LD_RUNPATH_SEARCH_PATHS</key>
				<string>$(inherited) @executable_path/Frameworks @loader_path/Frameworks</string>
				<key>PRODUCT_BUNDLE_IDENTIFIER</key>
				<string>com.hesheng.ZeusUITests</string>
				<key>PRODUCT_NAME</key>
				<string>$(TARGET_NAME)</string>
				<key>TEST_TARGET_NAME</key>
				<string>Zeus</string>
			</dict>
			<key>isa</key>
			<string>XCBuildConfiguration</string>
			<key>name</key>
			<string>Release</string>
		</dict>
		<key>74F1E6986241B246EDB9612D</key>
		<dict>
			<key>buildActionMask</key>
			<string>2147483647</string>
			<key>files</key>
			<array/>
			<key>inputPaths</key>
			<array/>
			<key>isa</key>
			<string>PBXShellScriptBuildPhase</string>
			<key>name</key>
			<string>Embed Pods Frameworks</string>
			<key>outputPaths</key>
			<array/>
			<key>runOnlyForDeploymentPostprocessing</key>
			<string>0</string>
			<key>shellPath</key>
			<string>/bin/sh</string>
			<key>shellScript</key>
			<string>"${SRCROOT}/Pods/Target Support Files/Pods-Zeus/Pods-Zeus-frameworks.sh"
</string>
			<key>showEnvVarsInLog</key>
			<string>0</string>
		</dict>
		<key>7F03FDE68F71AC8018F8842C</key>
		<dict>
			<key>includeInIndex</key>
			<string>1</string>
			<key>isa</key>
			<string>PBXFileReference</string>
			<key>lastKnownFileType</key>
			<string>text.xcconfig</string>
			<key>name</key>
			<string>Pods-Zeus.release.xcconfig</string>
			<key>path</key>
			<string>Pods/Target Support Files/Pods-Zeus/Pods-Zeus.release.xcconfig</string>
			<key>sourceTree</key>
			<string>&lt;group&gt;</string>
		</dict>
		<key>890597BBE7CD25E78E703D82</key>
		<dict>
			<key>buildActionMask</key>
			<string>2147483647</string>
			<key>files</key>
			<array/>
			<key>inputPaths</key>
			<array/>
			<key>isa</key>
			<string>PBXShellScriptBuildPhase</string>
			<key>name</key>
			<string>Check Pods Manifest.lock</string>
			<key>outputPaths</key>
			<array/>
			<key>runOnlyForDeploymentPostprocessing</key>
			<string>0</string>
			<key>shellPath</key>
			<string>/bin/sh</string>
			<key>shellScript</key>
			<string>diff "${PODS_ROOT}/../Podfile.lock" "${PODS_ROOT}/Manifest.lock" &gt; /dev/null
if [[ $? != 0 ]] ; then
    cat &lt;&lt; EOM
error: The sandbox is not in sync with the Podfile.lock. Run 'pod install' or update your CocoaPods installation.
EOM
    exit 1
fi
</string>
			<key>showEnvVarsInLog</key>
			<string>0</string>
		</dict>
		<key>8C4805F9BB3D2076624D1800</key>
		<dict>
			<key>children</key>
			<array>
				<string>054A9FFFFB89F87101B7258A</string>
				<string>7F03FDE68F71AC8018F8842C</string>
			</array>
			<key>isa</key>
			<string>PBXGroup</string>
			<key>name</key>
			<string>Pods</string>
			<key>sourceTree</key>
			<string>&lt;group&gt;</string>
		</dict>
		<key>A063B3FEB6934D4812B20218</key>
		<dict>
			<key>explicitFileType</key>
			<string>wrapper.framework</string>
			<key>includeInIndex</key>
			<string>0</string>
			<key>isa</key>
			<string>PBXFileReference</string>
			<key>path</key>
			<string>Pods_Zeus.framework</string>
			<key>sourceTree</key>
			<string>BUILT_PRODUCTS_DIR</string>
		</dict>
		<key>CF96432054E88CA928ACE1F8</key>
		<dict>
			<key>fileRef</key>
			<string>A063B3FEB6934D4812B20218</string>
			<key>isa</key>
			<string>PBXBuildFile</string>
		</dict>
		<key>FC692B0599AC567BCCB49FFF</key>
		<dict>
			<key>children</key>
			<array>
				<string>A063B3FEB6934D4812B20218</string>
			</array>
			<key>isa</key>
			<string>PBXGroup</string>
			<key>name</key>
			<string>Frameworks</string>
			<key>sourceTree</key>
			<string>&lt;group&gt;</string>
		</dict>
	</dict>
	<key>rootObject</key>
	<string>45D0521E1CAA594300BB1738</string>
</dict>
</plist>
