// !$*UTF8*$!
{
	archiveVersion = 1;
	classes = {
	};
	objectVersion = 46;
	objects = {

/* Begin PBXBuildFile section */
		4507EB521CBB9796007F3A5F /* LoginAndRegister.storyboard in Resources */ = {isa = PBXBuildFile; fileRef = 4507EB511CBB9796007F3A5F /* LoginAndRegister.storyboard */; };
		4507EB541CBB980F007F3A5F /* LoginRegisterVC.swift in Sources */ = {isa = PBXBuildFile; fileRef = 4507EB531CBB980F007F3A5F /* LoginRegisterVC.swift */; };
		4507EB5A1CBBB3CC007F3A5F /* FeedbackViewController.swift in Sources */ = {isa = PBXBuildFile; fileRef = 4507EB591CBBB3CC007F3A5F /* FeedbackViewController.swift */; };
		4507EB5C1CBBB3E5007F3A5F /* FeedbackViewController.storyboard in Resources */ = {isa = PBXBuildFile; fileRef = 4507EB5B1CBBB3E5007F3A5F /* FeedbackViewController.storyboard */; };
		4507EB5E1CBBB51E007F3A5F /* AboutViewController.swift in Sources */ = {isa = PBXBuildFile; fileRef = 4507EB5D1CBBB51E007F3A5F /* AboutViewController.swift */; };
		4507EB601CBBB54C007F3A5F /* AboutViewController.storyboard in Resources */ = {isa = PBXBuildFile; fileRef = 4507EB5F1CBBB54C007F3A5F /* AboutViewController.storyboard */; };
		45141FC11CD99053007CEF6F /* SignButton.swift in Sources */ = {isa = PBXBuildFile; fileRef = 45141FC01CD99053007CEF6F /* SignButton.swift */; };
		451562EC1CBF2C8F005CE865 /* ShowFirstStepVC.swift in Sources */ = {isa = PBXBuildFile; fileRef = 451562EB1CBF2C8F005CE865 /* ShowFirstStepVC.swift */; };
		451562EE1CBF2CA4005CE865 /* ShowSecondStepVC.swift in Sources */ = {isa = PBXBuildFile; fileRef = 451562ED1CBF2CA4005CE865 /* ShowSecondStepVC.swift */; };
		451562F01CBF2CB5005CE865 /* ShowThirdStepVC.swift in Sources */ = {isa = PBXBuildFile; fileRef = 451562EF1CBF2CB5005CE865 /* ShowThirdStepVC.swift */; };
		451562F31CBF6A94005CE865 /* MyRelatedUserVC.swift in Sources */ = {isa = PBXBuildFile; fileRef = 451562F21CBF6A94005CE865 /* MyRelatedUserVC.swift */; };
		451562F51CBF6AAC005CE865 /* MyRelatedUserVC.storyboard in Resources */ = {isa = PBXBuildFile; fileRef = 451562F41CBF6AAC005CE865 /* MyRelatedUserVC.storyboard */; };
		451562F71CBF6FD8005CE865 /* RelateEachOtherVC.swift in Sources */ = {isa = PBXBuildFile; fileRef = 451562F61CBF6FD8005CE865 /* RelateEachOtherVC.swift */; };
		451562F91CBF702B005CE865 /* RelateEachOtherVC.storyboard in Resources */ = {isa = PBXBuildFile; fileRef = 451562F81CBF702B005CE865 /* RelateEachOtherVC.storyboard */; };
		451562FB1CBF705C005CE865 /* AddRelatedUserVC.swift in Sources */ = {isa = PBXBuildFile; fileRef = 451562FA1CBF705C005CE865 /* AddRelatedUserVC.swift */; };
		451562FD1CBF707C005CE865 /* AddRelatedUserVC.storyboard in Resources */ = {isa = PBXBuildFile; fileRef = 451562FC1CBF707C005CE865 /* AddRelatedUserVC.storyboard */; };
		451563011CBF73C9005CE865 /* MyRelatedUserCell.swift in Sources */ = {isa = PBXBuildFile; fileRef = 451562FF1CBF73C9005CE865 /* MyRelatedUserCell.swift */; };
		451563021CBF73C9005CE865 /* MyRelatedUserCell.xib in Resources */ = {isa = PBXBuildFile; fileRef = 451563001CBF73C9005CE865 /* MyRelatedUserCell.xib */; };
		451563071CBF79C5005CE865 /* RelateEachOtherCell.swift in Sources */ = {isa = PBXBuildFile; fileRef = 451563051CBF79C5005CE865 /* RelateEachOtherCell.swift */; };
		451563081CBF79C5005CE865 /* RelateEachOtherCell.xib in Resources */ = {isa = PBXBuildFile; fileRef = 451563061CBF79C5005CE865 /* RelateEachOtherCell.xib */; };
		45167BBD1CD06165000C8FEE /* EditClientVC.storyboard in Resources */ = {isa = PBXBuildFile; fileRef = 45167BBC1CD06165000C8FEE /* EditClientVC.storyboard */; };
		45167BC01CD069F2000C8FEE /* TableHeaderView.swift in Sources */ = {isa = PBXBuildFile; fileRef = 45167BBF1CD069F2000C8FEE /* TableHeaderView.swift */; };
		45175A971CAE0A9400D42A47 /* PublishButtonView.swift in Sources */ = {isa = PBXBuildFile; fileRef = 45175A961CAE0A9400D42A47 /* PublishButtonView.swift */; };
		45186B911CC8A9990023BE4C /* EditClientVC.swift in Sources */ = {isa = PBXBuildFile; fileRef = 45186B901CC8A9990023BE4C /* EditClientVC.swift */; };
		45186B971CC8AD9F0023BE4C /* Client.swift in Sources */ = {isa = PBXBuildFile; fileRef = 45186B961CC8AD9F0023BE4C /* Client.swift */; };
		4518E16F1CD3335E00B69277 /* EditHospitalVC.swift in Sources */ = {isa = PBXBuildFile; fileRef = 4518E16E1CD3335E00B69277 /* EditHospitalVC.swift */; };
		451935181CD882A6001C3790 /* ActivityDetailVC.swift in Sources */ = {isa = PBXBuildFile; fileRef = 451935171CD882A6001C3790 /* ActivityDetailVC.swift */; };
		4519351A1CD882BE001C3790 /* ActivityDetailVC.storyboard in Resources */ = {isa = PBXBuildFile; fileRef = 451935191CD882BE001C3790 /* ActivityDetailVC.storyboard */; };
		4519351D1CD8872B001C3790 /* MoreOperationsView.swift in Sources */ = {isa = PBXBuildFile; fileRef = 4519351C1CD8872B001C3790 /* MoreOperationsView.swift */; };
		4519351F1CD88AF5001C3790 /* OperationCell.swift in Sources */ = {isa = PBXBuildFile; fileRef = 4519351E1CD88AF5001C3790 /* OperationCell.swift */; };
		451935211CD88C41001C3790 /* CancelCell.swift in Sources */ = {isa = PBXBuildFile; fileRef = 451935201CD88C41001C3790 /* CancelCell.swift */; };
		451935241CD893AA001C3790 /* SignViewController.swift in Sources */ = {isa = PBXBuildFile; fileRef = 451935231CD893AA001C3790 /* SignViewController.swift */; };
		451935261CD893BE001C3790 /* SignViewController.storyboard in Resources */ = {isa = PBXBuildFile; fileRef = 451935251CD893BE001C3790 /* SignViewController.storyboard */; };
		4519352A1CD8A487001C3790 /* SignClientCell.swift in Sources */ = {isa = PBXBuildFile; fileRef = 451935281CD8A487001C3790 /* SignClientCell.swift */; };
		4519352B1CD8A487001C3790 /* SignClientCell.xib in Resources */ = {isa = PBXBuildFile; fileRef = 451935291CD8A487001C3790 /* SignClientCell.xib */; };
		4519352F1CD8B1F6001C3790 /* SeprateView.swift in Sources */ = {isa = PBXBuildFile; fileRef = 4519352E1CD8B1F6001C3790 /* SeprateView.swift */; };
		4519C0DE1CBDEB7700217C24 /* LoginVerifyMobileVC.swift in Sources */ = {isa = PBXBuildFile; fileRef = 4519C0DD1CBDEB7700217C24 /* LoginVerifyMobileVC.swift */; };
		4519C0E01CBE48C700217C24 /* ZeusHud.swift in Sources */ = {isa = PBXBuildFile; fileRef = 4519C0DF1CBE48C700217C24 /* ZeusHud.swift */; };
		4519C0E21CBE4F4100217C24 /* ZeusHelper.swift in Sources */ = {isa = PBXBuildFile; fileRef = 4519C0E11CBE4F4100217C24 /* ZeusHelper.swift */; };
		451C47CF1CC0CBCB00F197DA /* UserCountLabel.swift in Sources */ = {isa = PBXBuildFile; fileRef = 451C47CE1CC0CBCB00F197DA /* UserCountLabel.swift */; };
		451DAE721CD1AD5F00B0B8EC /* EditBaseVC.swift in Sources */ = {isa = PBXBuildFile; fileRef = 451DAE711CD1AD5F00B0B8EC /* EditBaseVC.swift */; };
		451DAE771CD1F4B200B0B8EC /* EditSectionVC.swift in Sources */ = {isa = PBXBuildFile; fileRef = 451DAE761CD1F4B200B0B8EC /* EditSectionVC.swift */; };
		451DAE791CD1F7BC00B0B8EC /* EditPositionVC.swift in Sources */ = {isa = PBXBuildFile; fileRef = 451DAE781CD1F7BC00B0B8EC /* EditPositionVC.swift */; };
		451DAE7B1CD1F7EE00B0B8EC /* EditTitleVC.swift in Sources */ = {isa = PBXBuildFile; fileRef = 451DAE7A1CD1F7EE00B0B8EC /* EditTitleVC.swift */; };
		451DAE7D1CD1FC3500B0B8EC /* ZeusActionSheet.swift in Sources */ = {isa = PBXBuildFile; fileRef = 451DAE7C1CD1FC3500B0B8EC /* ZeusActionSheet.swift */; };
		451EA0021CB4F2F2004FE212 /* CellBaseContainerView.swift in Sources */ = {isa = PBXBuildFile; fileRef = 451EA0011CB4F2F2004FE212 /* CellBaseContainerView.swift */; };
		451EA0071CB4FD68004FE212 /* InfoViewController.swift in Sources */ = {isa = PBXBuildFile; fileRef = 451EA0061CB4FD68004FE212 /* InfoViewController.swift */; };
		451EA00A1CB4FEA0004FE212 /* InfoViewController.storyboard in Resources */ = {isa = PBXBuildFile; fileRef = 451EA0081CB4FEA0004FE212 /* InfoViewController.storyboard */; };
		451FF6CF1CBCD68000E31344 /* BorderButton.swift in Sources */ = {isa = PBXBuildFile; fileRef = 451FF6CE1CBCD68000E31344 /* BorderButton.swift */; };
		451FF6D51CBCE4E100E31344 /* BorderTextField.swift in Sources */ = {isa = PBXBuildFile; fileRef = 451FF6D41CBCE4E100E31344 /* BorderTextField.swift */; };
		451FF6D71CBCE68F00E31344 /* LoginByMobileVC.swift in Sources */ = {isa = PBXBuildFile; fileRef = 451FF6D61CBCE68F00E31344 /* LoginByMobileVC.swift */; };
		451FF6D91CBCE6C300E31344 /* RegisterByMobileVC.swift in Sources */ = {isa = PBXBuildFile; fileRef = 451FF6D81CBCE6C300E31344 /* RegisterByMobileVC.swift */; };
		451FF6DB1CBCEC9C00E31344 /* VerifyMobileVC.swift in Sources */ = {isa = PBXBuildFile; fileRef = 451FF6DA1CBCEC9C00E31344 /* VerifyMobileVC.swift */; };
		451FF6DD1CBCEFE200E31344 /* RegisterUserInfoVC.swift in Sources */ = {isa = PBXBuildFile; fileRef = 451FF6DC1CBCEFE200E31344 /* RegisterUserInfoVC.swift */; };
		451FF6E11CBD009400E31344 /* ZeusConfig.swift in Sources */ = {isa = PBXBuildFile; fileRef = 451FF6E01CBD009400E31344 /* ZeusConfig.swift */; };
		45224B8E1CC7595700DE3054 /* ClientTableCell.swift in Sources */ = {isa = PBXBuildFile; fileRef = 45224B8C1CC7595700DE3054 /* ClientTableCell.swift */; };
		45224B8F1CC7595700DE3054 /* ClientTableCell.xib in Resources */ = {isa = PBXBuildFile; fileRef = 45224B8D1CC7595700DE3054 /* ClientTableCell.xib */; };
		4523B3EF1CACBB9F00811E50 /* UIColor+Zeus.swift in Sources */ = {isa = PBXBuildFile; fileRef = 4523B3EE1CACBB9F00811E50 /* UIColor+Zeus.swift */; };
		4523B3F11CACBDDC00811E50 /* UIFont+Zeus.swift in Sources */ = {isa = PBXBuildFile; fileRef = 4523B3F01CACBDDC00811E50 /* UIFont+Zeus.swift */; };
		4523B3F41CACD0ED00811E50 /* HistoryActivityVC.swift in Sources */ = {isa = PBXBuildFile; fileRef = 4523B3F31CACD0ED00811E50 /* HistoryActivityVC.swift */; };
		4523B3F91CACD1CA00811E50 /* HistoryActivityVC.storyboard in Resources */ = {isa = PBXBuildFile; fileRef = 4523B3F71CACD1CA00811E50 /* HistoryActivityVC.storyboard */; };
		4523B3FC1CACFD8A00811E50 /* AddActivityVC.swift in Sources */ = {isa = PBXBuildFile; fileRef = 4523B3FB1CACFD8A00811E50 /* AddActivityVC.swift */; };
		4523B3FF1CACFDD500811E50 /* AddActivityVC.storyboard in Resources */ = {isa = PBXBuildFile; fileRef = 4523B3FD1CACFDD500811E50 /* AddActivityVC.storyboard */; };
		4523B4041CAD12EA00811E50 /* ClientTypeVC.swift in Sources */ = {isa = PBXBuildFile; fileRef = 4523B4021CAD12EA00811E50 /* ClientTypeVC.swift */; };
		4523B40F1CAD16B700811E50 /* ClientTypeVC.storyboard in Resources */ = {isa = PBXBuildFile; fileRef = 4523B40D1CAD16B700811E50 /* ClientTypeVC.storyboard */; };
		4523B4131CAD253B00811E50 /* AddItemCell.swift in Sources */ = {isa = PBXBuildFile; fileRef = 4523B4111CAD253B00811E50 /* AddItemCell.swift */; };
		4523B4141CAD253B00811E50 /* AddItemCell.xib in Resources */ = {isa = PBXBuildFile; fileRef = 4523B4121CAD253B00811E50 /* AddItemCell.xib */; };
		457C6AD11CB642AE0065E883 /* EditInfoViewController.storyboard in Resources */ = {isa = PBXBuildFile; fileRef = 457C6ACF1CB642AE0065E883 /* EditInfoViewController.storyboard */; };
		457C6AD31CB642CF0065E883 /* EditInfoViewController.swift in Sources */ = {isa = PBXBuildFile; fileRef = 457C6AD21CB642CF0065E883 /* EditInfoViewController.swift */; };
		457C6AD61CB655B90065E883 /* UIViewController+Zeus.swift in Sources */ = {isa = PBXBuildFile; fileRef = 457C6AD51CB655B90065E883 /* UIViewController+Zeus.swift */; };
		458C27131CAA6D8E004575FC /* ActivityViewController.swift in Sources */ = {isa = PBXBuildFile; fileRef = 458C27121CAA6D8E004575FC /* ActivityViewController.swift */; };
		458C27161CAA6DB9004575FC /* BaseViewController.swift in Sources */ = {isa = PBXBuildFile; fileRef = 458C27151CAA6DB9004575FC /* BaseViewController.swift */; };
		458C27181CAA6E05004575FC /* ClientViewController.swift in Sources */ = {isa = PBXBuildFile; fileRef = 458C27171CAA6E05004575FC /* ClientViewController.swift */; };
		458C271A1CAA6E24004575FC /* ProfileViewController.swift in Sources */ = {isa = PBXBuildFile; fileRef = 458C27191CAA6E24004575FC /* ProfileViewController.swift */; };
		458C271F1CAA7AF0004575FC /* ActivityCell.swift in Sources */ = {isa = PBXBuildFile; fileRef = 458C271E1CAA7AF0004575FC /* ActivityCell.swift */; };
		458C27211CAA7AFE004575FC /* ActivityCell.xib in Resources */ = {isa = PBXBuildFile; fileRef = 458C27201CAA7AFE004575FC /* ActivityCell.xib */; };
		458C27231CAA7C04004575FC /* BaseTableViewCell.swift in Sources */ = {isa = PBXBuildFile; fileRef = 458C27221CAA7C04004575FC /* BaseTableViewCell.swift */; };
		45D0522A1CAA594400BB1738 /* AppDelegate.swift in Sources */ = {isa = PBXBuildFile; fileRef = 45D052291CAA594400BB1738 /* AppDelegate.swift */; };
		45D052311CAA594400BB1738 /* Main.storyboard in Resources */ = {isa = PBXBuildFile; fileRef = 45D0522F1CAA594400BB1738 /* Main.storyboard */; };
		45D052331CAA594400BB1738 /* Assets.xcassets in Resources */ = {isa = PBXBuildFile; fileRef = 45D052321CAA594400BB1738 /* Assets.xcassets */; };
		45D052361CAA594400BB1738 /* LaunchScreen.storyboard in Resources */ = {isa = PBXBuildFile; fileRef = 45D052341CAA594400BB1738 /* LaunchScreen.storyboard */; };
		45D052411CAA594400BB1738 /* ZeusTests.swift in Sources */ = {isa = PBXBuildFile; fileRef = 45D052401CAA594400BB1738 /* ZeusTests.swift */; };
		45D0524C1CAA594400BB1738 /* ZeusUITests.swift in Sources */ = {isa = PBXBuildFile; fileRef = 45D0524B1CAA594400BB1738 /* ZeusUITests.swift */; };
		45E71AC91CBB7C4C00FC26CF /* SettingsViewController.swift in Sources */ = {isa = PBXBuildFile; fileRef = 45E71AC81CBB7C4C00FC26CF /* SettingsViewController.swift */; };
		45E71ACD1CBB7D5000FC26CF /* SettingsViewController.storyboard in Resources */ = {isa = PBXBuildFile; fileRef = 45E71ACC1CBB7D5000FC26CF /* SettingsViewController.storyboard */; };
		45E71AD01CBB937300FC26CF /* ZeusAlert.swift in Sources */ = {isa = PBXBuildFile; fileRef = 45E71ACF1CBB937300FC26CF /* ZeusAlert.swift */; };
		CF96432054E88CA928ACE1F8 /* Pods_Zeus.framework in Frameworks */ = {isa = PBXBuildFile; fileRef = A063B3FEB6934D4812B20218 /* Pods_Zeus.framework */; };
/* End PBXBuildFile section */

/* Begin PBXContainerItemProxy section */
		45D0523D1CAA594400BB1738 /* PBXContainerItemProxy */ = {
			isa = PBXContainerItemProxy;
			containerPortal = 45D0521E1CAA594300BB1738 /* Project object */;
			proxyType = 1;
			remoteGlobalIDString = 45D052251CAA594300BB1738;
			remoteInfo = Zeus;
		};
		45D052481CAA594400BB1738 /* PBXContainerItemProxy */ = {
			isa = PBXContainerItemProxy;
			containerPortal = 45D0521E1CAA594300BB1738 /* Project object */;
			proxyType = 1;
			remoteGlobalIDString = 45D052251CAA594300BB1738;
			remoteInfo = Zeus;
		};
/* End PBXContainerItemProxy section */

/* Begin PBXFileReference section */
		054A9FFFFB89F87101B7258A /* Pods-Zeus.debug.xcconfig */ = {isa = PBXFileReference; includeInIndex = 1; lastKnownFileType = text.xcconfig; name = "Pods-Zeus.debug.xcconfig"; path = "Pods/Target Support Files/Pods-Zeus/Pods-Zeus.debug.xcconfig"; sourceTree = "<group>"; };
		4507EB511CBB9796007F3A5F /* LoginAndRegister.storyboard */ = {isa = PBXFileReference; fileEncoding = 4; lastKnownFileType = file.storyboard; path = LoginAndRegister.storyboard; sourceTree = "<group>"; };
		4507EB531CBB980F007F3A5F /* LoginRegisterVC.swift */ = {isa = PBXFileReference; fileEncoding = 4; lastKnownFileType = sourcecode.swift; path = LoginRegisterVC.swift; sourceTree = "<group>"; };
		4507EB591CBBB3CC007F3A5F /* FeedbackViewController.swift */ = {isa = PBXFileReference; fileEncoding = 4; lastKnownFileType = sourcecode.swift; path = FeedbackViewController.swift; sourceTree = "<group>"; };
		4507EB5B1CBBB3E5007F3A5F /* FeedbackViewController.storyboard */ = {isa = PBXFileReference; fileEncoding = 4; lastKnownFileType = file.storyboard; path = FeedbackViewController.storyboard; sourceTree = "<group>"; };
		4507EB5D1CBBB51E007F3A5F /* AboutViewController.swift */ = {isa = PBXFileReference; fileEncoding = 4; lastKnownFileType = sourcecode.swift; path = AboutViewController.swift; sourceTree = "<group>"; };
		4507EB5F1CBBB54C007F3A5F /* AboutViewController.storyboard */ = {isa = PBXFileReference; fileEncoding = 4; lastKnownFileType = file.storyboard; path = AboutViewController.storyboard; sourceTree = "<group>"; };
		45141FC01CD99053007CEF6F /* SignButton.swift */ = {isa = PBXFileReference; fileEncoding = 4; lastKnownFileType = sourcecode.swift; path = SignButton.swift; sourceTree = "<group>"; };
		451562EB1CBF2C8F005CE865 /* ShowFirstStepVC.swift */ = {isa = PBXFileReference; fileEncoding = 4; lastKnownFileType = sourcecode.swift; path = ShowFirstStepVC.swift; sourceTree = "<group>"; };
		451562ED1CBF2CA4005CE865 /* ShowSecondStepVC.swift */ = {isa = PBXFileReference; fileEncoding = 4; lastKnownFileType = sourcecode.swift; path = ShowSecondStepVC.swift; sourceTree = "<group>"; };
		451562EF1CBF2CB5005CE865 /* ShowThirdStepVC.swift */ = {isa = PBXFileReference; fileEncoding = 4; lastKnownFileType = sourcecode.swift; path = ShowThirdStepVC.swift; sourceTree = "<group>"; };
		451562F21CBF6A94005CE865 /* MyRelatedUserVC.swift */ = {isa = PBXFileReference; fileEncoding = 4; lastKnownFileType = sourcecode.swift; path = MyRelatedUserVC.swift; sourceTree = "<group>"; };
		451562F41CBF6AAC005CE865 /* MyRelatedUserVC.storyboard */ = {isa = PBXFileReference; fileEncoding = 4; lastKnownFileType = file.storyboard; path = MyRelatedUserVC.storyboard; sourceTree = "<group>"; };
		451562F61CBF6FD8005CE865 /* RelateEachOtherVC.swift */ = {isa = PBXFileReference; fileEncoding = 4; lastKnownFileType = sourcecode.swift; path = RelateEachOtherVC.swift; sourceTree = "<group>"; };
		451562F81CBF702B005CE865 /* RelateEachOtherVC.storyboard */ = {isa = PBXFileReference; fileEncoding = 4; lastKnownFileType = file.storyboard; path = RelateEachOtherVC.storyboard; sourceTree = "<group>"; };
		451562FA1CBF705C005CE865 /* AddRelatedUserVC.swift */ = {isa = PBXFileReference; fileEncoding = 4; lastKnownFileType = sourcecode.swift; path = AddRelatedUserVC.swift; sourceTree = "<group>"; };
		451562FC1CBF707C005CE865 /* AddRelatedUserVC.storyboard */ = {isa = PBXFileReference; fileEncoding = 4; lastKnownFileType = file.storyboard; path = AddRelatedUserVC.storyboard; sourceTree = "<group>"; };
		451562FF1CBF73C9005CE865 /* MyRelatedUserCell.swift */ = {isa = PBXFileReference; fileEncoding = 4; lastKnownFileType = sourcecode.swift; path = MyRelatedUserCell.swift; sourceTree = "<group>"; };
		451563001CBF73C9005CE865 /* MyRelatedUserCell.xib */ = {isa = PBXFileReference; fileEncoding = 4; lastKnownFileType = file.xib; path = MyRelatedUserCell.xib; sourceTree = "<group>"; };
		451563051CBF79C5005CE865 /* RelateEachOtherCell.swift */ = {isa = PBXFileReference; fileEncoding = 4; lastKnownFileType = sourcecode.swift; path = RelateEachOtherCell.swift; sourceTree = "<group>"; };
		451563061CBF79C5005CE865 /* RelateEachOtherCell.xib */ = {isa = PBXFileReference; fileEncoding = 4; lastKnownFileType = file.xib; path = RelateEachOtherCell.xib; sourceTree = "<group>"; };
		45167BBC1CD06165000C8FEE /* EditClientVC.storyboard */ = {isa = PBXFileReference; fileEncoding = 4; lastKnownFileType = file.storyboard; path = EditClientVC.storyboard; sourceTree = "<group>"; };
		45167BBF1CD069F2000C8FEE /* TableHeaderView.swift */ = {isa = PBXFileReference; fileEncoding = 4; lastKnownFileType = sourcecode.swift; path = TableHeaderView.swift; sourceTree = "<group>"; };
		45175A961CAE0A9400D42A47 /* PublishButtonView.swift */ = {isa = PBXFileReference; fileEncoding = 4; lastKnownFileType = sourcecode.swift; path = PublishButtonView.swift; sourceTree = "<group>"; };
		45186B901CC8A9990023BE4C /* EditClientVC.swift */ = {isa = PBXFileReference; fileEncoding = 4; lastKnownFileType = sourcecode.swift; path = EditClientVC.swift; sourceTree = "<group>"; };
		45186B961CC8AD9F0023BE4C /* Client.swift */ = {isa = PBXFileReference; fileEncoding = 4; lastKnownFileType = sourcecode.swift; path = Client.swift; sourceTree = "<group>"; };
		4518E16E1CD3335E00B69277 /* EditHospitalVC.swift */ = {isa = PBXFileReference; fileEncoding = 4; lastKnownFileType = sourcecode.swift; path = EditHospitalVC.swift; sourceTree = "<group>"; };
		451935171CD882A6001C3790 /* ActivityDetailVC.swift */ = {isa = PBXFileReference; fileEncoding = 4; lastKnownFileType = sourcecode.swift; path = ActivityDetailVC.swift; sourceTree = "<group>"; };
		451935191CD882BE001C3790 /* ActivityDetailVC.storyboard */ = {isa = PBXFileReference; fileEncoding = 4; lastKnownFileType = file.storyboard; path = ActivityDetailVC.storyboard; sourceTree = "<group>"; };
		4519351C1CD8872B001C3790 /* MoreOperationsView.swift */ = {isa = PBXFileReference; fileEncoding = 4; lastKnownFileType = sourcecode.swift; path = MoreOperationsView.swift; sourceTree = "<group>"; };
		4519351E1CD88AF5001C3790 /* OperationCell.swift */ = {isa = PBXFileReference; fileEncoding = 4; lastKnownFileType = sourcecode.swift; path = OperationCell.swift; sourceTree = "<group>"; };
		451935201CD88C41001C3790 /* CancelCell.swift */ = {isa = PBXFileReference; fileEncoding = 4; lastKnownFileType = sourcecode.swift; path = CancelCell.swift; sourceTree = "<group>"; };
		451935231CD893AA001C3790 /* SignViewController.swift */ = {isa = PBXFileReference; fileEncoding = 4; lastKnownFileType = sourcecode.swift; path = SignViewController.swift; sourceTree = "<group>"; };
		451935251CD893BE001C3790 /* SignViewController.storyboard */ = {isa = PBXFileReference; fileEncoding = 4; lastKnownFileType = file.storyboard; path = SignViewController.storyboard; sourceTree = "<group>"; };
		451935281CD8A487001C3790 /* SignClientCell.swift */ = {isa = PBXFileReference; fileEncoding = 4; lastKnownFileType = sourcecode.swift; path = SignClientCell.swift; sourceTree = "<group>"; };
		451935291CD8A487001C3790 /* SignClientCell.xib */ = {isa = PBXFileReference; fileEncoding = 4; lastKnownFileType = file.xib; path = SignClientCell.xib; sourceTree = "<group>"; };
		4519352E1CD8B1F6001C3790 /* SeprateView.swift */ = {isa = PBXFileReference; fileEncoding = 4; lastKnownFileType = sourcecode.swift; path = SeprateView.swift; sourceTree = "<group>"; };
		4519C0DD1CBDEB7700217C24 /* LoginVerifyMobileVC.swift */ = {isa = PBXFileReference; fileEncoding = 4; lastKnownFileType = sourcecode.swift; path = LoginVerifyMobileVC.swift; sourceTree = "<group>"; };
		4519C0DF1CBE48C700217C24 /* ZeusHud.swift */ = {isa = PBXFileReference; fileEncoding = 4; lastKnownFileType = sourcecode.swift; path = ZeusHud.swift; sourceTree = "<group>"; };
		4519C0E11CBE4F4100217C24 /* ZeusHelper.swift */ = {isa = PBXFileReference; fileEncoding = 4; lastKnownFileType = sourcecode.swift; path = ZeusHelper.swift; sourceTree = "<group>"; };
		451C47CE1CC0CBCB00F197DA /* UserCountLabel.swift */ = {isa = PBXFileReference; fileEncoding = 4; lastKnownFileType = sourcecode.swift; path = UserCountLabel.swift; sourceTree = "<group>"; };
		451DAE711CD1AD5F00B0B8EC /* EditBaseVC.swift */ = {isa = PBXFileReference; fileEncoding = 4; lastKnownFileType = sourcecode.swift; path = EditBaseVC.swift; sourceTree = "<group>"; };
		451DAE761CD1F4B200B0B8EC /* EditSectionVC.swift */ = {isa = PBXFileReference; fileEncoding = 4; lastKnownFileType = sourcecode.swift; path = EditSectionVC.swift; sourceTree = "<group>"; };
		451DAE781CD1F7BC00B0B8EC /* EditPositionVC.swift */ = {isa = PBXFileReference; fileEncoding = 4; lastKnownFileType = sourcecode.swift; path = EditPositionVC.swift; sourceTree = "<group>"; };
		451DAE7A1CD1F7EE00B0B8EC /* EditTitleVC.swift */ = {isa = PBXFileReference; fileEncoding = 4; lastKnownFileType = sourcecode.swift; path = EditTitleVC.swift; sourceTree = "<group>"; };
		451DAE7C1CD1FC3500B0B8EC /* ZeusActionSheet.swift */ = {isa = PBXFileReference; fileEncoding = 4; lastKnownFileType = sourcecode.swift; path = ZeusActionSheet.swift; sourceTree = "<group>"; };
		451EA0011CB4F2F2004FE212 /* CellBaseContainerView.swift */ = {isa = PBXFileReference; fileEncoding = 4; lastKnownFileType = sourcecode.swift; path = CellBaseContainerView.swift; sourceTree = "<group>"; };
		451EA0061CB4FD68004FE212 /* InfoViewController.swift */ = {isa = PBXFileReference; fileEncoding = 4; lastKnownFileType = sourcecode.swift; path = InfoViewController.swift; sourceTree = "<group>"; };
		451EA0091CB4FEA0004FE212 /* Base */ = {isa = PBXFileReference; lastKnownFileType = file.storyboard; name = Base; path = Base.lproj/InfoViewController.storyboard; sourceTree = "<group>"; };
		451FF6CE1CBCD68000E31344 /* BorderButton.swift */ = {isa = PBXFileReference; fileEncoding = 4; lastKnownFileType = sourcecode.swift; path = BorderButton.swift; sourceTree = "<group>"; };
		451FF6D41CBCE4E100E31344 /* BorderTextField.swift */ = {isa = PBXFileReference; fileEncoding = 4; lastKnownFileType = sourcecode.swift; path = BorderTextField.swift; sourceTree = "<group>"; };
		451FF6D61CBCE68F00E31344 /* LoginByMobileVC.swift */ = {isa = PBXFileReference; fileEncoding = 4; lastKnownFileType = sourcecode.swift; path = LoginByMobileVC.swift; sourceTree = "<group>"; };
		451FF6D81CBCE6C300E31344 /* RegisterByMobileVC.swift */ = {isa = PBXFileReference; fileEncoding = 4; lastKnownFileType = sourcecode.swift; path = RegisterByMobileVC.swift; sourceTree = "<group>"; };
		451FF6DA1CBCEC9C00E31344 /* VerifyMobileVC.swift */ = {isa = PBXFileReference; fileEncoding = 4; lastKnownFileType = sourcecode.swift; path = VerifyMobileVC.swift; sourceTree = "<group>"; };
		451FF6DC1CBCEFE200E31344 /* RegisterUserInfoVC.swift */ = {isa = PBXFileReference; fileEncoding = 4; lastKnownFileType = sourcecode.swift; path = RegisterUserInfoVC.swift; sourceTree = "<group>"; };
		451FF6E01CBD009400E31344 /* ZeusConfig.swift */ = {isa = PBXFileReference; fileEncoding = 4; lastKnownFileType = sourcecode.swift; path = ZeusConfig.swift; sourceTree = "<group>"; };
		45224B8C1CC7595700DE3054 /* ClientTableCell.swift */ = {isa = PBXFileReference; fileEncoding = 4; lastKnownFileType = sourcecode.swift; path = ClientTableCell.swift; sourceTree = "<group>"; };
		45224B8D1CC7595700DE3054 /* ClientTableCell.xib */ = {isa = PBXFileReference; fileEncoding = 4; lastKnownFileType = file.xib; path = ClientTableCell.xib; sourceTree = "<group>"; };
		4523B3EE1CACBB9F00811E50 /* UIColor+Zeus.swift */ = {isa = PBXFileReference; fileEncoding = 4; lastKnownFileType = sourcecode.swift; path = "UIColor+Zeus.swift"; sourceTree = "<group>"; };
		4523B3F01CACBDDC00811E50 /* UIFont+Zeus.swift */ = {isa = PBXFileReference; fileEncoding = 4; lastKnownFileType = sourcecode.swift; path = "UIFont+Zeus.swift"; sourceTree = "<group>"; };
		4523B3F31CACD0ED00811E50 /* HistoryActivityVC.swift */ = {isa = PBXFileReference; fileEncoding = 4; lastKnownFileType = sourcecode.swift; path = HistoryActivityVC.swift; sourceTree = "<group>"; };
		4523B3F81CACD1CA00811E50 /* Base */ = {isa = PBXFileReference; lastKnownFileType = file.storyboard; name = Base; path = Base.lproj/HistoryActivityVC.storyboard; sourceTree = "<group>"; };
		4523B3FB1CACFD8A00811E50 /* AddActivityVC.swift */ = {isa = PBXFileReference; fileEncoding = 4; lastKnownFileType = sourcecode.swift; path = AddActivityVC.swift; sourceTree = "<group>"; };
		4523B3FE1CACFDD500811E50 /* Base */ = {isa = PBXFileReference; lastKnownFileType = file.storyboard; name = Base; path = Base.lproj/AddActivityVC.storyboard; sourceTree = "<group>"; };
		4523B4021CAD12EA00811E50 /* ClientTypeVC.swift */ = {isa = PBXFileReference; fileEncoding = 4; lastKnownFileType = sourcecode.swift; path = ClientTypeVC.swift; sourceTree = "<group>"; };
		4523B40E1CAD16B700811E50 /* Base */ = {isa = PBXFileReference; lastKnownFileType = file.storyboard; name = Base; path = Zeus/Base.lproj/ClientTypeVC.storyboard; sourceTree = SOURCE_ROOT; };
		4523B4111CAD253B00811E50 /* AddItemCell.swift */ = {isa = PBXFileReference; fileEncoding = 4; lastKnownFileType = sourcecode.swift; path = AddItemCell.swift; sourceTree = "<group>"; };
		4523B4121CAD253B00811E50 /* AddItemCell.xib */ = {isa = PBXFileReference; fileEncoding = 4; lastKnownFileType = file.xib; path = AddItemCell.xib; sourceTree = "<group>"; };
		457C6AD01CB642AE0065E883 /* Base */ = {isa = PBXFileReference; lastKnownFileType = file.storyboard; name = Base; path = Zeus/Base.lproj/EditInfoViewController.storyboard; sourceTree = SOURCE_ROOT; };
		457C6AD21CB642CF0065E883 /* EditInfoViewController.swift */ = {isa = PBXFileReference; fileEncoding = 4; lastKnownFileType = sourcecode.swift; path = EditInfoViewController.swift; sourceTree = "<group>"; };
		457C6AD51CB655B90065E883 /* UIViewController+Zeus.swift */ = {isa = PBXFileReference; fileEncoding = 4; lastKnownFileType = sourcecode.swift; path = "UIViewController+Zeus.swift"; sourceTree = "<group>"; };
		458C27121CAA6D8E004575FC /* ActivityViewController.swift */ = {isa = PBXFileReference; fileEncoding = 4; lastKnownFileType = sourcecode.swift; path = ActivityViewController.swift; sourceTree = "<group>"; };
		458C27151CAA6DB9004575FC /* BaseViewController.swift */ = {isa = PBXFileReference; fileEncoding = 4; lastKnownFileType = sourcecode.swift; path = BaseViewController.swift; sourceTree = "<group>"; };
		458C27171CAA6E05004575FC /* ClientViewController.swift */ = {isa = PBXFileReference; fileEncoding = 4; lastKnownFileType = sourcecode.swift; path = ClientViewController.swift; sourceTree = "<group>"; };
		458C27191CAA6E24004575FC /* ProfileViewController.swift */ = {isa = PBXFileReference; fileEncoding = 4; lastKnownFileType = sourcecode.swift; path = ProfileViewController.swift; sourceTree = "<group>"; };
		458C271E1CAA7AF0004575FC /* ActivityCell.swift */ = {isa = PBXFileReference; fileEncoding = 4; lastKnownFileType = sourcecode.swift; path = ActivityCell.swift; sourceTree = "<group>"; };
		458C27201CAA7AFE004575FC /* ActivityCell.xib */ = {isa = PBXFileReference; fileEncoding = 4; lastKnownFileType = file.xib; path = ActivityCell.xib; sourceTree = "<group>"; };
		458C27221CAA7C04004575FC /* BaseTableViewCell.swift */ = {isa = PBXFileReference; fileEncoding = 4; lastKnownFileType = sourcecode.swift; path = BaseTableViewCell.swift; sourceTree = "<group>"; };
		45D052261CAA594300BB1738 /* Zeus.app */ = {isa = PBXFileReference; explicitFileType = wrapper.application; includeInIndex = 0; path = Zeus.app; sourceTree = BUILT_PRODUCTS_DIR; };
		45D052291CAA594400BB1738 /* AppDelegate.swift */ = {isa = PBXFileReference; lastKnownFileType = sourcecode.swift; path = AppDelegate.swift; sourceTree = "<group>"; };
		45D052301CAA594400BB1738 /* Base */ = {isa = PBXFileReference; lastKnownFileType = file.storyboard; name = Base; path = Base.lproj/Main.storyboard; sourceTree = "<group>"; };
		45D052321CAA594400BB1738 /* Assets.xcassets */ = {isa = PBXFileReference; lastKnownFileType = folder.assetcatalog; path = Assets.xcassets; sourceTree = "<group>"; };
		45D052351CAA594400BB1738 /* Base */ = {isa = PBXFileReference; lastKnownFileType = file.storyboard; name = Base; path = Base.lproj/LaunchScreen.storyboard; sourceTree = "<group>"; };
		45D052371CAA594400BB1738 /* Info.plist */ = {isa = PBXFileReference; lastKnownFileType = text.plist.xml; path = Info.plist; sourceTree = "<group>"; };
		45D0523C1CAA594400BB1738 /* ZeusTests.xctest */ = {isa = PBXFileReference; explicitFileType = wrapper.cfbundle; includeInIndex = 0; path = ZeusTests.xctest; sourceTree = BUILT_PRODUCTS_DIR; };
		45D052401CAA594400BB1738 /* ZeusTests.swift */ = {isa = PBXFileReference; lastKnownFileType = sourcecode.swift; path = ZeusTests.swift; sourceTree = "<group>"; };
		45D052421CAA594400BB1738 /* Info.plist */ = {isa = PBXFileReference; lastKnownFileType = text.plist.xml; path = Info.plist; sourceTree = "<group>"; };
		45D052471CAA594400BB1738 /* ZeusUITests.xctest */ = {isa = PBXFileReference; explicitFileType = wrapper.cfbundle; includeInIndex = 0; path = ZeusUITests.xctest; sourceTree = BUILT_PRODUCTS_DIR; };
		45D0524B1CAA594400BB1738 /* ZeusUITests.swift */ = {isa = PBXFileReference; lastKnownFileType = sourcecode.swift; path = ZeusUITests.swift; sourceTree = "<group>"; };
		45D0524D1CAA594400BB1738 /* Info.plist */ = {isa = PBXFileReference; lastKnownFileType = text.plist.xml; path = Info.plist; sourceTree = "<group>"; };
		45E71AC81CBB7C4C00FC26CF /* SettingsViewController.swift */ = {isa = PBXFileReference; fileEncoding = 4; lastKnownFileType = sourcecode.swift; path = SettingsViewController.swift; sourceTree = "<group>"; };
		45E71ACC1CBB7D5000FC26CF /* SettingsViewController.storyboard */ = {isa = PBXFileReference; fileEncoding = 4; lastKnownFileType = file.storyboard; path = SettingsViewController.storyboard; sourceTree = "<group>"; };
		45E71ACF1CBB937300FC26CF /* ZeusAlert.swift */ = {isa = PBXFileReference; fileEncoding = 4; lastKnownFileType = sourcecode.swift; path = ZeusAlert.swift; sourceTree = "<group>"; };
		7F03FDE68F71AC8018F8842C /* Pods-Zeus.release.xcconfig */ = {isa = PBXFileReference; includeInIndex = 1; lastKnownFileType = text.xcconfig; name = "Pods-Zeus.release.xcconfig"; path = "Pods/Target Support Files/Pods-Zeus/Pods-Zeus.release.xcconfig"; sourceTree = "<group>"; };
		A063B3FEB6934D4812B20218 /* Pods_Zeus.framework */ = {isa = PBXFileReference; explicitFileType = wrapper.framework; includeInIndex = 0; path = Pods_Zeus.framework; sourceTree = BUILT_PRODUCTS_DIR; };
/* End PBXFileReference section */

/* Begin PBXFrameworksBuildPhase section */
		45D052231CAA594300BB1738 /* Frameworks */ = {
			isa = PBXFrameworksBuildPhase;
			buildActionMask = 2147483647;
			files = (
				CF96432054E88CA928ACE1F8 /* Pods_Zeus.framework in Frameworks */,
			);
			runOnlyForDeploymentPostprocessing = 0;
		};
		45D052391CAA594400BB1738 /* Frameworks */ = {
			isa = PBXFrameworksBuildPhase;
			buildActionMask = 2147483647;
			files = (
			);
			runOnlyForDeploymentPostprocessing = 0;
		};
		45D052441CAA594400BB1738 /* Frameworks */ = {
			isa = PBXFrameworksBuildPhase;
			buildActionMask = 2147483647;
			files = (
			);
			runOnlyForDeploymentPostprocessing = 0;
		};
/* End PBXFrameworksBuildPhase section */

/* Begin PBXGroup section */
		4507EB501CBB971E007F3A5F /* 登录注册 */ = {
			isa = PBXGroup;
			children = (
				451562EA1CBF2B71005CE865 /* 宣传页 */,
				4507EB531CBB980F007F3A5F /* LoginRegisterVC.swift */,
				451FF6DE1CBCF1D700E31344 /* 注册 */,
				4519C0DC1CBDEB5000217C24 /* 登录 */,
			);
			name = "登录注册";
			sourceTree = "<group>";
		};
		4507EB571CBBB3A1007F3A5F /* 意见反馈 */ = {
			isa = PBXGroup;
			children = (
				4507EB591CBBB3CC007F3A5F /* FeedbackViewController.swift */,
				4507EB5B1CBBB3E5007F3A5F /* FeedbackViewController.storyboard */,
			);
			name = "意见反馈";
			sourceTree = "<group>";
		};
		4507EB581CBBB3A7007F3A5F /* 关于 */ = {
			isa = PBXGroup;
			children = (
				4507EB5D1CBBB51E007F3A5F /* AboutViewController.swift */,
				4507EB5F1CBBB54C007F3A5F /* AboutViewController.storyboard */,
			);
			name = "关于";
			sourceTree = "<group>";
		};
		451562EA1CBF2B71005CE865 /* 宣传页 */ = {
			isa = PBXGroup;
			children = (
				451562EB1CBF2C8F005CE865 /* ShowFirstStepVC.swift */,
				451562ED1CBF2CA4005CE865 /* ShowSecondStepVC.swift */,
				451562EF1CBF2CB5005CE865 /* ShowThirdStepVC.swift */,
			);
			name = "宣传页";
			sourceTree = "<group>";
		};
		451562F11CBF6A56005CE865 /* 我的关联 */ = {
			isa = PBXGroup;
			children = (
				451562FE1CBF73A4005CE865 /* Cells */,
				451562F21CBF6A94005CE865 /* MyRelatedUserVC.swift */,
				451562F41CBF6AAC005CE865 /* MyRelatedUserVC.storyboard */,
				451562F61CBF6FD8005CE865 /* RelateEachOtherVC.swift */,
				451562F81CBF702B005CE865 /* RelateEachOtherVC.storyboard */,
				451562FA1CBF705C005CE865 /* AddRelatedUserVC.swift */,
				451562FC1CBF707C005CE865 /* AddRelatedUserVC.storyboard */,
			);
			name = "我的关联";
			sourceTree = "<group>";
		};
		451562FE1CBF73A4005CE865 /* Cells */ = {
			isa = PBXGroup;
			children = (
				451562FF1CBF73C9005CE865 /* MyRelatedUserCell.swift */,
				451563001CBF73C9005CE865 /* MyRelatedUserCell.xib */,
				451563051CBF79C5005CE865 /* RelateEachOtherCell.swift */,
				451563061CBF79C5005CE865 /* RelateEachOtherCell.xib */,
			);
			name = Cells;
			sourceTree = "<group>";
		};
		45167BBE1CD069C8000C8FEE /* HeaderView */ = {
			isa = PBXGroup;
			children = (
				45167BBF1CD069F2000C8FEE /* TableHeaderView.swift */,
			);
			name = HeaderView;
			sourceTree = "<group>";
		};
		45175A951CAE0A8400D42A47 /* Views */ = {
			isa = PBXGroup;
			children = (
				45175A961CAE0A9400D42A47 /* PublishButtonView.swift */,
			);
			name = Views;
			sourceTree = "<group>";
		};
		45186B8F1CC8A9200023BE4C /* 客户详情 */ = {
			isa = PBXGroup;
			children = (
				45167BBE1CD069C8000C8FEE /* HeaderView */,
				45186B901CC8A9990023BE4C /* EditClientVC.swift */,
				45167BBC1CD06165000C8FEE /* EditClientVC.storyboard */,
			);
			name = "客户详情";
			sourceTree = "<group>";
		};
		45186B921CC8AC400023BE4C /* Realm */ = {
			isa = PBXGroup;
			children = (
				45186B961CC8AD9F0023BE4C /* Client.swift */,
			);
			name = Realm;
			sourceTree = "<group>";
		};
		451935161CD88286001C3790 /* 活动详情 */ = {
			isa = PBXGroup;
			children = (
				451935221CD8938E001C3790 /* 签到 */,
				451935171CD882A6001C3790 /* ActivityDetailVC.swift */,
				451935191CD882BE001C3790 /* ActivityDetailVC.storyboard */,
			);
			name = "活动详情";
			sourceTree = "<group>";
		};
		4519351B1CD8870E001C3790 /* 活动详情 */ = {
			isa = PBXGroup;
			children = (
				4519351C1CD8872B001C3790 /* MoreOperationsView.swift */,
				4519351E1CD88AF5001C3790 /* OperationCell.swift */,
				451935201CD88C41001C3790 /* CancelCell.swift */,
			);
			name = "活动详情";
			sourceTree = "<group>";
		};
		451935221CD8938E001C3790 /* 签到 */ = {
			isa = PBXGroup;
			children = (
				451935271CD8A469001C3790 /* Cell */,
				451935231CD893AA001C3790 /* SignViewController.swift */,
				451935251CD893BE001C3790 /* SignViewController.storyboard */,
			);
			name = "签到";
			sourceTree = "<group>";
		};
		451935271CD8A469001C3790 /* Cell */ = {
			isa = PBXGroup;
			children = (
				451935281CD8A487001C3790 /* SignClientCell.swift */,
				451935291CD8A487001C3790 /* SignClientCell.xib */,
			);
			name = Cell;
			sourceTree = "<group>";
		};
		4519C0DC1CBDEB5000217C24 /* 登录 */ = {
			isa = PBXGroup;
			children = (
				451FF6D61CBCE68F00E31344 /* LoginByMobileVC.swift */,
				4519C0DD1CBDEB7700217C24 /* LoginVerifyMobileVC.swift */,
			);
			name = "登录";
			sourceTree = "<group>";
		};
		451DAE701CD1ACF500B0B8EC /* 医院科室职务职称 */ = {
			isa = PBXGroup;
			children = (
				451DAE711CD1AD5F00B0B8EC /* EditBaseVC.swift */,
				451DAE7A1CD1F7EE00B0B8EC /* EditTitleVC.swift */,
				451DAE761CD1F4B200B0B8EC /* EditSectionVC.swift */,
				451DAE781CD1F7BC00B0B8EC /* EditPositionVC.swift */,
				4518E16E1CD3335E00B69277 /* EditHospitalVC.swift */,
			);
			name = "医院科室职务职称";
			sourceTree = "<group>";
		};
		451EA0001CB4F2A7004FE212 /* 我的 */ = {
			isa = PBXGroup;
			children = (
				451EA0011CB4F2F2004FE212 /* CellBaseContainerView.swift */,
			);
			name = "我的";
			sourceTree = "<group>";
		};
		451EA0031CB4FB88004FE212 /* Buttons */ = {
			isa = PBXGroup;
			children = (
				451FF6CE1CBCD68000E31344 /* BorderButton.swift */,
				45141FC01CD99053007CEF6F /* SignButton.swift */,
			);
			name = Buttons;
			sourceTree = "<group>";
		};
		451EA00B1CB4FF35004FE212 /* 个人信息 */ = {
			isa = PBXGroup;
			children = (
				451EA0061CB4FD68004FE212 /* InfoViewController.swift */,
				451EA0081CB4FEA0004FE212 /* InfoViewController.storyboard */,
			);
			name = "个人信息";
			sourceTree = "<group>";
		};
		451FF6DE1CBCF1D700E31344 /* 注册 */ = {
			isa = PBXGroup;
			children = (
				451FF6D81CBCE6C300E31344 /* RegisterByMobileVC.swift */,
				451FF6DA1CBCEC9C00E31344 /* VerifyMobileVC.swift */,
				451FF6DC1CBCEFE200E31344 /* RegisterUserInfoVC.swift */,
			);
			name = "注册";
			sourceTree = "<group>";
		};
		451FF6DF1CBD006400E31344 /* Configs */ = {
			isa = PBXGroup;
			children = (
				451FF6E01CBD009400E31344 /* ZeusConfig.swift */,
			);
			name = Configs;
			sourceTree = "<group>";
		};
		45224B8B1CC7593500DE3054 /* Cells */ = {
			isa = PBXGroup;
			children = (
				45224B8C1CC7595700DE3054 /* ClientTableCell.swift */,
				45224B8D1CC7595700DE3054 /* ClientTableCell.xib */,
			);
			name = Cells;
			sourceTree = "<group>";
		};
		4523B3F21CACD0CE00811E50 /* 历史活动 */ = {
			isa = PBXGroup;
			children = (
				4523B3F31CACD0ED00811E50 /* HistoryActivityVC.swift */,
				4523B3F71CACD1CA00811E50 /* HistoryActivityVC.storyboard */,
			);
			name = "历史活动";
			sourceTree = "<group>";
		};
		4523B3FA1CACFD4E00811E50 /* 新建活动 */ = {
			isa = PBXGroup;
			children = (
				45175A951CAE0A8400D42A47 /* Views */,
				4523B4101CAD251100811E50 /* Cells */,
				4523B3FB1CACFD8A00811E50 /* AddActivityVC.swift */,
				4523B3FD1CACFDD500811E50 /* AddActivityVC.storyboard */,
			);
			name = "新建活动";
			sourceTree = "<group>";
		};
		4523B4011CAD12CD00811E50 /* 客户类型 */ = {
			isa = PBXGroup;
			children = (
				4523B4021CAD12EA00811E50 /* ClientTypeVC.swift */,
				4523B40D1CAD16B700811E50 /* ClientTypeVC.storyboard */,
			);
			name = "客户类型";
			sourceTree = "<group>";
		};
		4523B4101CAD251100811E50 /* Cells */ = {
			isa = PBXGroup;
			children = (
				4523B4111CAD253B00811E50 /* AddItemCell.swift */,
				4523B4121CAD253B00811E50 /* AddItemCell.xib */,
			);
			name = Cells;
			sourceTree = "<group>";
		};
		457C6ACE1CB6420E0065E883 /* 编辑个人信息 */ = {
			isa = PBXGroup;
			children = (
				457C6AD21CB642CF0065E883 /* EditInfoViewController.swift */,
				457C6ACF1CB642AE0065E883 /* EditInfoViewController.storyboard */,
			);
			name = "编辑个人信息";
			sourceTree = "<group>";
		};
		458C270B1CAA6915004575FC /* Extensions */ = {
			isa = PBXGroup;
			children = (
				4523B3EE1CACBB9F00811E50 /* UIColor+Zeus.swift */,
				4523B3F01CACBDDC00811E50 /* UIFont+Zeus.swift */,
				457C6AD51CB655B90065E883 /* UIViewController+Zeus.swift */,
			);
			path = Extensions;
			sourceTree = "<group>";
		};
		458C270C1CAA6915004575FC /* Models */ = {
			isa = PBXGroup;
			children = (
			);
			path = Models;
			sourceTree = "<group>";
		};
		458C270D1CAA6915004575FC /* ViewControllers */ = {
			isa = PBXGroup;
			children = (
				4507EB501CBB971E007F3A5F /* 登录注册 */,
				458C270F1CAA698F004575FC /* 活动 */,
				458C27101CAA698F004575FC /* 客户 */,
				458C27111CAA698F004575FC /* 我的 */,
			);
			path = ViewControllers;
			sourceTree = "<group>";
		};
		458C270E1CAA6915004575FC /* Views */ = {
			isa = PBXGroup;
			children = (
				4519352E1CD8B1F6001C3790 /* SeprateView.swift */,
				4519351B1CD8870E001C3790 /* 活动详情 */,
				451C47CE1CC0CBCB00F197DA /* UserCountLabel.swift */,
				451FF6D41CBCE4E100E31344 /* BorderTextField.swift */,
				451EA0031CB4FB88004FE212 /* Buttons */,
				451EA0001CB4F2A7004FE212 /* 我的 */,
			);
			path = Views;
			sourceTree = "<group>";
		};
		458C270F1CAA698F004575FC /* 活动 */ = {
			isa = PBXGroup;
			children = (
				451935161CD88286001C3790 /* 活动详情 */,
				4523B3FA1CACFD4E00811E50 /* 新建活动 */,
				4523B3F21CACD0CE00811E50 /* 历史活动 */,
				458C271B1CAA7AA3004575FC /* Cells */,
				458C27121CAA6D8E004575FC /* ActivityViewController.swift */,
			);
			path = "活动";
			sourceTree = "<group>";
		};
		458C27101CAA698F004575FC /* 客户 */ = {
			isa = PBXGroup;
			children = (
				451DAE701CD1ACF500B0B8EC /* 医院科室职务职称 */,
				45224B8B1CC7593500DE3054 /* Cells */,
				45186B8F1CC8A9200023BE4C /* 客户详情 */,
				4523B4011CAD12CD00811E50 /* 客户类型 */,
				458C27171CAA6E05004575FC /* ClientViewController.swift */,
			);
			path = "客户";
			sourceTree = "<group>";
		};
		458C27111CAA698F004575FC /* 我的 */ = {
			isa = PBXGroup;
			children = (
				458C27191CAA6E24004575FC /* ProfileViewController.swift */,
				451562F11CBF6A56005CE865 /* 我的关联 */,
				45E71AC71CBB7C1500FC26CF /* 系统设置 */,
				451EA00B1CB4FF35004FE212 /* 个人信息 */,
				457C6ACE1CB6420E0065E883 /* 编辑个人信息 */,
			);
			path = "我的";
			sourceTree = "<group>";
		};
		458C27141CAA6DAA004575FC /* Base */ = {
			isa = PBXGroup;
			children = (
				458C27151CAA6DB9004575FC /* BaseViewController.swift */,
				458C27221CAA7C04004575FC /* BaseTableViewCell.swift */,
			);
			path = Base;
			sourceTree = "<group>";
		};
		458C271B1CAA7AA3004575FC /* Cells */ = {
			isa = PBXGroup;
			children = (
				458C271E1CAA7AF0004575FC /* ActivityCell.swift */,
				458C27201CAA7AFE004575FC /* ActivityCell.xib */,
			);
			name = Cells;
			sourceTree = "<group>";
		};
		45D0521D1CAA594300BB1738 = {
			isa = PBXGroup;
			children = (
				45D052281CAA594400BB1738 /* Zeus */,
				45D0523F1CAA594400BB1738 /* ZeusTests */,
				45D0524A1CAA594400BB1738 /* ZeusUITests */,
				45D052271CAA594300BB1738 /* Products */,
				8C4805F9BB3D2076624D1800 /* Pods */,
				FC692B0599AC567BCCB49FFF /* Frameworks */,
			);
			sourceTree = "<group>";
		};
		45D052271CAA594300BB1738 /* Products */ = {
			isa = PBXGroup;
			children = (
				45D052261CAA594300BB1738 /* Zeus.app */,
				45D0523C1CAA594400BB1738 /* ZeusTests.xctest */,
				45D052471CAA594400BB1738 /* ZeusUITests.xctest */,
			);
			name = Products;
			sourceTree = "<group>";
		};
		45D052281CAA594400BB1738 /* Zeus */ = {
			isa = PBXGroup;
			children = (
				45186B921CC8AC400023BE4C /* Realm */,
				451FF6DF1CBD006400E31344 /* Configs */,
				45E71ACE1CBB935700FC26CF /* Helpers */,
				458C270D1CAA6915004575FC /* ViewControllers */,
				458C27141CAA6DAA004575FC /* Base */,
				458C270B1CAA6915004575FC /* Extensions */,
				458C270C1CAA6915004575FC /* Models */,
				458C270E1CAA6915004575FC /* Views */,
				45D052291CAA594400BB1738 /* AppDelegate.swift */,
				45D0522F1CAA594400BB1738 /* Main.storyboard */,
				4507EB511CBB9796007F3A5F /* LoginAndRegister.storyboard */,
				45D052321CAA594400BB1738 /* Assets.xcassets */,
				45D052341CAA594400BB1738 /* LaunchScreen.storyboard */,
				45D052371CAA594400BB1738 /* Info.plist */,
			);
			path = Zeus;
			sourceTree = "<group>";
		};
		45D0523F1CAA594400BB1738 /* ZeusTests */ = {
			isa = PBXGroup;
			children = (
				45D052401CAA594400BB1738 /* ZeusTests.swift */,
				45D052421CAA594400BB1738 /* Info.plist */,
			);
			path = ZeusTests;
			sourceTree = "<group>";
		};
		45D0524A1CAA594400BB1738 /* ZeusUITests */ = {
			isa = PBXGroup;
			children = (
				45D0524B1CAA594400BB1738 /* ZeusUITests.swift */,
				45D0524D1CAA594400BB1738 /* Info.plist */,
			);
			path = ZeusUITests;
			sourceTree = "<group>";
		};
		45E71AC71CBB7C1500FC26CF /* 系统设置 */ = {
			isa = PBXGroup;
			children = (
				4507EB581CBBB3A7007F3A5F /* 关于 */,
				4507EB571CBBB3A1007F3A5F /* 意见反馈 */,
				45E71AC81CBB7C4C00FC26CF /* SettingsViewController.swift */,
				45E71ACC1CBB7D5000FC26CF /* SettingsViewController.storyboard */,
			);
			name = "系统设置";
			sourceTree = "<group>";
		};
		45E71ACE1CBB935700FC26CF /* Helpers */ = {
			isa = PBXGroup;
			children = (
				45E71ACF1CBB937300FC26CF /* ZeusAlert.swift */,
				4519C0DF1CBE48C700217C24 /* ZeusHud.swift */,
				4519C0E11CBE4F4100217C24 /* ZeusHelper.swift */,
				451DAE7C1CD1FC3500B0B8EC /* ZeusActionSheet.swift */,
			);
			name = Helpers;
			sourceTree = "<group>";
		};
		8C4805F9BB3D2076624D1800 /* Pods */ = {
			isa = PBXGroup;
			children = (
				054A9FFFFB89F87101B7258A /* Pods-Zeus.debug.xcconfig */,
				7F03FDE68F71AC8018F8842C /* Pods-Zeus.release.xcconfig */,
			);
			name = Pods;
			sourceTree = "<group>";
		};
		FC692B0599AC567BCCB49FFF /* Frameworks */ = {
			isa = PBXGroup;
			children = (
				A063B3FEB6934D4812B20218 /* Pods_Zeus.framework */,
			);
			name = Frameworks;
			sourceTree = "<group>";
		};
/* End PBXGroup section */

/* Begin PBXNativeTarget section */
		45D052251CAA594300BB1738 /* Zeus */ = {
			isa = PBXNativeTarget;
			buildConfigurationList = 45D052501CAA594400BB1738 /* Build configuration list for PBXNativeTarget "Zeus" */;
			buildPhases = (
				890597BBE7CD25E78E703D82 /* Check Pods Manifest.lock */,
				45D052221CAA594300BB1738 /* Sources */,
				45D052231CAA594300BB1738 /* Frameworks */,
				45D052241CAA594300BB1738 /* Resources */,
				74F1E6986241B246EDB9612D /* Embed Pods Frameworks */,
				038A3EAE06C901028F9B25C2 /* Copy Pods Resources */,
			);
			buildRules = (
			);
			dependencies = (
			);
			name = Zeus;
			productName = Zeus;
			productReference = 45D052261CAA594300BB1738 /* Zeus.app */;
			productType = "com.apple.product-type.application";
		};
		45D0523B1CAA594400BB1738 /* ZeusTests */ = {
			isa = PBXNativeTarget;
			buildConfigurationList = 45D052531CAA594400BB1738 /* Build configuration list for PBXNativeTarget "ZeusTests" */;
			buildPhases = (
				45D052381CAA594400BB1738 /* Sources */,
				45D052391CAA594400BB1738 /* Frameworks */,
				45D0523A1CAA594400BB1738 /* Resources */,
			);
			buildRules = (
			);
			dependencies = (
				45D0523E1CAA594400BB1738 /* PBXTargetDependency */,
			);
			name = ZeusTests;
			productName = ZeusTests;
			productReference = 45D0523C1CAA594400BB1738 /* ZeusTests.xctest */;
			productType = "com.apple.product-type.bundle.unit-test";
		};
		45D052461CAA594400BB1738 /* ZeusUITests */ = {
			isa = PBXNativeTarget;
			buildConfigurationList = 45D052561CAA594400BB1738 /* Build configuration list for PBXNativeTarget "ZeusUITests" */;
			buildPhases = (
				45D052431CAA594400BB1738 /* Sources */,
				45D052441CAA594400BB1738 /* Frameworks */,
				45D052451CAA594400BB1738 /* Resources */,
			);
			buildRules = (
			);
			dependencies = (
				45D052491CAA594400BB1738 /* PBXTargetDependency */,
			);
			name = ZeusUITests;
			productName = ZeusUITests;
			productReference = 45D052471CAA594400BB1738 /* ZeusUITests.xctest */;
			productType = "com.apple.product-type.bundle.ui-testing";
		};
/* End PBXNativeTarget section */

/* Begin PBXProject section */
		45D0521E1CAA594300BB1738 /* Project object */ = {
			isa = PBXProject;
			attributes = {
				LastSwiftUpdateCheck = 0730;
				LastUpgradeCheck = 0730;
				ORGANIZATIONNAME = rayjuneWu;
				TargetAttributes = {
					45D052251CAA594300BB1738 = {
						CreatedOnToolsVersion = 7.3;
						DevelopmentTeam = VG9ZTTPBW8;
					};
					45D0523B1CAA594400BB1738 = {
						CreatedOnToolsVersion = 7.3;
						TestTargetID = 45D052251CAA594300BB1738;
					};
					45D052461CAA594400BB1738 = {
						CreatedOnToolsVersion = 7.3;
						TestTargetID = 45D052251CAA594300BB1738;
					};
				};
			};
			buildConfigurationList = 45D052211CAA594300BB1738 /* Build configuration list for PBXProject "Zeus" */;
			compatibilityVersion = "Xcode 3.2";
			developmentRegion = English;
			hasScannedForEncodings = 0;
			knownRegions = (
				en,
				Base,
			);
			mainGroup = 45D0521D1CAA594300BB1738;
			productRefGroup = 45D052271CAA594300BB1738 /* Products */;
			projectDirPath = "";
			projectRoot = "";
			targets = (
				45D052251CAA594300BB1738 /* Zeus */,
				45D0523B1CAA594400BB1738 /* ZeusTests */,
				45D052461CAA594400BB1738 /* ZeusUITests */,
			);
		};
/* End PBXProject section */

/* Begin PBXResourcesBuildPhase section */
		45D052241CAA594300BB1738 /* Resources */ = {
			isa = PBXResourcesBuildPhase;
			buildActionMask = 2147483647;
			files = (
				451EA00A1CB4FEA0004FE212 /* InfoViewController.storyboard in Resources */,
				4507EB5C1CBBB3E5007F3A5F /* FeedbackViewController.storyboard in Resources */,
				45167BBD1CD06165000C8FEE /* EditClientVC.storyboard in Resources */,
				45E71ACD1CBB7D5000FC26CF /* SettingsViewController.storyboard in Resources */,
				4507EB601CBBB54C007F3A5F /* AboutViewController.storyboard in Resources */,
				4523B4141CAD253B00811E50 /* AddItemCell.xib in Resources */,
				4507EB521CBB9796007F3A5F /* LoginAndRegister.storyboard in Resources */,
				451563021CBF73C9005CE865 /* MyRelatedUserCell.xib in Resources */,
				451935261CD893BE001C3790 /* SignViewController.storyboard in Resources */,
				45224B8F1CC7595700DE3054 /* ClientTableCell.xib in Resources */,
				4523B3F91CACD1CA00811E50 /* HistoryActivityVC.storyboard in Resources */,
				4519352B1CD8A487001C3790 /* SignClientCell.xib in Resources */,
				4523B40F1CAD16B700811E50 /* ClientTypeVC.storyboard in Resources */,
				45D052361CAA594400BB1738 /* LaunchScreen.storyboard in Resources */,
				457C6AD11CB642AE0065E883 /* EditInfoViewController.storyboard in Resources */,
				4523B3FF1CACFDD500811E50 /* AddActivityVC.storyboard in Resources */,
				45D052331CAA594400BB1738 /* Assets.xcassets in Resources */,
				451562F91CBF702B005CE865 /* RelateEachOtherVC.storyboard in Resources */,
				451563081CBF79C5005CE865 /* RelateEachOtherCell.xib in Resources */,
				4519351A1CD882BE001C3790 /* ActivityDetailVC.storyboard in Resources */,
				451562F51CBF6AAC005CE865 /* MyRelatedUserVC.storyboard in Resources */,
				451562FD1CBF707C005CE865 /* AddRelatedUserVC.storyboard in Resources */,
				458C27211CAA7AFE004575FC /* ActivityCell.xib in Resources */,
				45D052311CAA594400BB1738 /* Main.storyboard in Resources */,
			);
			runOnlyForDeploymentPostprocessing = 0;
		};
		45D0523A1CAA594400BB1738 /* Resources */ = {
			isa = PBXResourcesBuildPhase;
			buildActionMask = 2147483647;
			files = (
			);
			runOnlyForDeploymentPostprocessing = 0;
		};
		45D052451CAA594400BB1738 /* Resources */ = {
			isa = PBXResourcesBuildPhase;
			buildActionMask = 2147483647;
			files = (
			);
			runOnlyForDeploymentPostprocessing = 0;
		};
/* End PBXResourcesBuildPhase section */

/* Begin PBXShellScriptBuildPhase section */
		038A3EAE06C901028F9B25C2 /* Copy Pods Resources */ = {
			isa = PBXShellScriptBuildPhase;
			buildActionMask = 2147483647;
			files = (
			);
			inputPaths = (
			);
			name = "Copy Pods Resources";
			outputPaths = (
			);
			runOnlyForDeploymentPostprocessing = 0;
			shellPath = /bin/sh;
			shellScript = "\"${SRCROOT}/Pods/Target Support Files/Pods-Zeus/Pods-Zeus-resources.sh\"\n";
			showEnvVarsInLog = 0;
		};
		74F1E6986241B246EDB9612D /* Embed Pods Frameworks */ = {
			isa = PBXShellScriptBuildPhase;
			buildActionMask = 2147483647;
			files = (
			);
			inputPaths = (
			);
			name = "Embed Pods Frameworks";
			outputPaths = (
			);
			runOnlyForDeploymentPostprocessing = 0;
			shellPath = /bin/sh;
			shellScript = "\"${SRCROOT}/Pods/Target Support Files/Pods-Zeus/Pods-Zeus-frameworks.sh\"\n";
			showEnvVarsInLog = 0;
		};
		890597BBE7CD25E78E703D82 /* Check Pods Manifest.lock */ = {
			isa = PBXShellScriptBuildPhase;
			buildActionMask = 2147483647;
			files = (
			);
			inputPaths = (
			);
			name = "Check Pods Manifest.lock";
			outputPaths = (
			);
			runOnlyForDeploymentPostprocessing = 0;
			shellPath = /bin/sh;
			shellScript = "diff \"${PODS_ROOT}/../Podfile.lock\" \"${PODS_ROOT}/Manifest.lock\" > /dev/null\nif [[ $? != 0 ]] ; then\n    cat << EOM\nerror: The sandbox is not in sync with the Podfile.lock. Run 'pod install' or update your CocoaPods installation.\nEOM\n    exit 1\nfi\n";
			showEnvVarsInLog = 0;
		};
/* End PBXShellScriptBuildPhase section */

/* Begin PBXSourcesBuildPhase section */
		45D052221CAA594300BB1738 /* Sources */ = {
			isa = PBXSourcesBuildPhase;
			buildActionMask = 2147483647;
			files = (
				451FF6DD1CBCEFE200E31344 /* RegisterUserInfoVC.swift in Sources */,
				451C47CF1CC0CBCB00F197DA /* UserCountLabel.swift in Sources */,
				4518E16F1CD3335E00B69277 /* EditHospitalVC.swift in Sources */,
				4507EB541CBB980F007F3A5F /* LoginRegisterVC.swift in Sources */,
				45175A971CAE0A9400D42A47 /* PublishButtonView.swift in Sources */,
				4519351D1CD8872B001C3790 /* MoreOperationsView.swift in Sources */,
				4523B3F11CACBDDC00811E50 /* UIFont+Zeus.swift in Sources */,
				451562EC1CBF2C8F005CE865 /* ShowFirstStepVC.swift in Sources */,
				451FF6D71CBCE68F00E31344 /* LoginByMobileVC.swift in Sources */,
				45224B8E1CC7595700DE3054 /* ClientTableCell.swift in Sources */,
				451935241CD893AA001C3790 /* SignViewController.swift in Sources */,
				45186B971CC8AD9F0023BE4C /* Client.swift in Sources */,
				458C27161CAA6DB9004575FC /* BaseViewController.swift in Sources */,
				45D0522A1CAA594400BB1738 /* AppDelegate.swift in Sources */,
				4523B4131CAD253B00811E50 /* AddItemCell.swift in Sources */,
				45E71AD01CBB937300FC26CF /* ZeusAlert.swift in Sources */,
				45E71AC91CBB7C4C00FC26CF /* SettingsViewController.swift in Sources */,
				457C6AD31CB642CF0065E883 /* EditInfoViewController.swift in Sources */,
				451563071CBF79C5005CE865 /* RelateEachOtherCell.swift in Sources */,
				4523B4041CAD12EA00811E50 /* ClientTypeVC.swift in Sources */,
				45141FC11CD99053007CEF6F /* SignButton.swift in Sources */,
				451562EE1CBF2CA4005CE865 /* ShowSecondStepVC.swift in Sources */,
				457C6AD61CB655B90065E883 /* UIViewController+Zeus.swift in Sources */,
				451DAE7D1CD1FC3500B0B8EC /* ZeusActionSheet.swift in Sources */,
				458C271A1CAA6E24004575FC /* ProfileViewController.swift in Sources */,
				458C27131CAA6D8E004575FC /* ActivityViewController.swift in Sources */,
				4519C0E21CBE4F4100217C24 /* ZeusHelper.swift in Sources */,
				451935211CD88C41001C3790 /* CancelCell.swift in Sources */,
				4507EB5A1CBBB3CC007F3A5F /* FeedbackViewController.swift in Sources */,
				451DAE791CD1F7BC00B0B8EC /* EditPositionVC.swift in Sources */,
				4519352F1CD8B1F6001C3790 /* SeprateView.swift in Sources */,
				4519C0E01CBE48C700217C24 /* ZeusHud.swift in Sources */,
				451EA0021CB4F2F2004FE212 /* CellBaseContainerView.swift in Sources */,
				4523B3FC1CACFD8A00811E50 /* AddActivityVC.swift in Sources */,
				451562FB1CBF705C005CE865 /* AddRelatedUserVC.swift in Sources */,
				4523B3EF1CACBB9F00811E50 /* UIColor+Zeus.swift in Sources */,
				451DAE7B1CD1F7EE00B0B8EC /* EditTitleVC.swift in Sources */,
				4519352A1CD8A487001C3790 /* SignClientCell.swift in Sources */,
				451562F71CBF6FD8005CE865 /* RelateEachOtherVC.swift in Sources */,
				4523B3F41CACD0ED00811E50 /* HistoryActivityVC.swift in Sources */,
				451562F31CBF6A94005CE865 /* MyRelatedUserVC.swift in Sources */,
				451FF6E11CBD009400E31344 /* ZeusConfig.swift in Sources */,
				451FF6D51CBCE4E100E31344 /* BorderTextField.swift in Sources */,
				458C27231CAA7C04004575FC /* BaseTableViewCell.swift in Sources */,
				451DAE771CD1F4B200B0B8EC /* EditSectionVC.swift in Sources */,
				458C271F1CAA7AF0004575FC /* ActivityCell.swift in Sources */,
				451EA0071CB4FD68004FE212 /* InfoViewController.swift in Sources */,
				45186B911CC8A9990023BE4C /* EditClientVC.swift in Sources */,
				451563011CBF73C9005CE865 /* MyRelatedUserCell.swift in Sources */,
				458C27181CAA6E05004575FC /* ClientViewController.swift in Sources */,
				4519351F1CD88AF5001C3790 /* OperationCell.swift in Sources */,
				4507EB5E1CBBB51E007F3A5F /* AboutViewController.swift in Sources */,
				45167BC01CD069F2000C8FEE /* TableHeaderView.swift in Sources */,
				451FF6DB1CBCEC9C00E31344 /* VerifyMobileVC.swift in Sources */,
				4519C0DE1CBDEB7700217C24 /* LoginVerifyMobileVC.swift in Sources */,
				451DAE721CD1AD5F00B0B8EC /* EditBaseVC.swift in Sources */,
				451562F01CBF2CB5005CE865 /* ShowThirdStepVC.swift in Sources */,
				451935181CD882A6001C3790 /* ActivityDetailVC.swift in Sources */,
				451FF6CF1CBCD68000E31344 /* BorderButton.swift in Sources */,
				451FF6D91CBCE6C300E31344 /* RegisterByMobileVC.swift in Sources */,
			);
			runOnlyForDeploymentPostprocessing = 0;
		};
		45D052381CAA594400BB1738 /* Sources */ = {
			isa = PBXSourcesBuildPhase;
			buildActionMask = 2147483647;
			files = (
				45D052411CAA594400BB1738 /* ZeusTests.swift in Sources */,
			);
			runOnlyForDeploymentPostprocessing = 0;
		};
		45D052431CAA594400BB1738 /* Sources */ = {
			isa = PBXSourcesBuildPhase;
			buildActionMask = 2147483647;
			files = (
				45D0524C1CAA594400BB1738 /* ZeusUITests.swift in Sources */,
			);
			runOnlyForDeploymentPostprocessing = 0;
		};
/* End PBXSourcesBuildPhase section */

/* Begin PBXTargetDependency section */
		45D0523E1CAA594400BB1738 /* PBXTargetDependency */ = {
			isa = PBXTargetDependency;
			target = 45D052251CAA594300BB1738 /* Zeus */;
			targetProxy = 45D0523D1CAA594400BB1738 /* PBXContainerItemProxy */;
		};
		45D052491CAA594400BB1738 /* PBXTargetDependency */ = {
			isa = PBXTargetDependency;
			target = 45D052251CAA594300BB1738 /* Zeus */;
			targetProxy = 45D052481CAA594400BB1738 /* PBXContainerItemProxy */;
		};
/* End PBXTargetDependency section */

/* Begin PBXVariantGroup section */
		451EA0081CB4FEA0004FE212 /* InfoViewController.storyboard */ = {
			isa = PBXVariantGroup;
			children = (
				451EA0091CB4FEA0004FE212 /* Base */,
			);
			name = InfoViewController.storyboard;
			path = ../..;
			sourceTree = "<group>";
		};
		4523B3F71CACD1CA00811E50 /* HistoryActivityVC.storyboard */ = {
			isa = PBXVariantGroup;
			children = (
				4523B3F81CACD1CA00811E50 /* Base */,
			);
			name = HistoryActivityVC.storyboard;
			path = ../..;
			sourceTree = "<group>";
		};
		4523B3FD1CACFDD500811E50 /* AddActivityVC.storyboard */ = {
			isa = PBXVariantGroup;
			children = (
				4523B3FE1CACFDD500811E50 /* Base */,
			);
			name = AddActivityVC.storyboard;
			path = ../..;
			sourceTree = "<group>";
		};
		4523B40D1CAD16B700811E50 /* ClientTypeVC.storyboard */ = {
			isa = PBXVariantGroup;
			children = (
				4523B40E1CAD16B700811E50 /* Base */,
			);
			name = ClientTypeVC.storyboard;
			path = "../活动";
			sourceTree = "<group>";
		};
		457C6ACF1CB642AE0065E883 /* EditInfoViewController.storyboard */ = {
			isa = PBXVariantGroup;
			children = (
				457C6AD01CB642AE0065E883 /* Base */,
			);
			name = EditInfoViewController.storyboard;
			sourceTree = "<group>";
		};
		45D0522F1CAA594400BB1738 /* Main.storyboard */ = {
			isa = PBXVariantGroup;
			children = (
				45D052301CAA594400BB1738 /* Base */,
			);
			name = Main.storyboard;
			sourceTree = "<group>";
		};
		45D052341CAA594400BB1738 /* LaunchScreen.storyboard */ = {
			isa = PBXVariantGroup;
			children = (
				45D052351CAA594400BB1738 /* Base */,
			);
			name = LaunchScreen.storyboard;
			sourceTree = "<group>";
		};
/* End PBXVariantGroup section */

/* Begin XCBuildConfiguration section */
		45D0524E1CAA594400BB1738 /* Debug */ = {
			isa = XCBuildConfiguration;
			buildSettings = {
				ALWAYS_SEARCH_USER_PATHS = NO;
				CLANG_ANALYZER_NONNULL = YES;
				CLANG_CXX_LANGUAGE_STANDARD = "gnu++0x";
				CLANG_CXX_LIBRARY = "libc++";
				CLANG_ENABLE_MODULES = YES;
				CLANG_ENABLE_OBJC_ARC = YES;
				CLANG_WARN_BOOL_CONVERSION = YES;
				CLANG_WARN_CONSTANT_CONVERSION = YES;
				CLANG_WARN_DIRECT_OBJC_ISA_USAGE = YES_ERROR;
				CLANG_WARN_EMPTY_BODY = YES;
				CLANG_WARN_ENUM_CONVERSION = YES;
				CLANG_WARN_INT_CONVERSION = YES;
				CLANG_WARN_OBJC_ROOT_CLASS = YES_ERROR;
				CLANG_WARN_UNREACHABLE_CODE = YES;
				CLANG_WARN__DUPLICATE_METHOD_MATCH = YES;
				"CODE_SIGN_IDENTITY[sdk=iphoneos*]" = "iPhone Developer";
				COPY_PHASE_STRIP = NO;
				DEBUG_INFORMATION_FORMAT = dwarf;
				ENABLE_STRICT_OBJC_MSGSEND = YES;
				ENABLE_TESTABILITY = YES;
				GCC_C_LANGUAGE_STANDARD = gnu99;
				GCC_DYNAMIC_NO_PIC = NO;
				GCC_NO_COMMON_BLOCKS = YES;
				GCC_OPTIMIZATION_LEVEL = 0;
				GCC_PREPROCESSOR_DEFINITIONS = (
					"DEBUG=1",
					"$(inherited)",
				);
				GCC_WARN_64_TO_32_BIT_CONVERSION = YES;
				GCC_WARN_ABOUT_RETURN_TYPE = YES_ERROR;
				GCC_WARN_UNDECLARED_SELECTOR = YES;
				GCC_WARN_UNINITIALIZED_AUTOS = YES_AGGRESSIVE;
				GCC_WARN_UNUSED_FUNCTION = YES;
				GCC_WARN_UNUSED_VARIABLE = YES;
				IPHONEOS_DEPLOYMENT_TARGET = 9.3;
				MTL_ENABLE_DEBUG_INFO = YES;
				ONLY_ACTIVE_ARCH = YES;
				SDKROOT = iphoneos;
				SWIFT_OPTIMIZATION_LEVEL = "-Onone";
			};
			name = Debug;
		};
		45D0524F1CAA594400BB1738 /* Release */ = {
			isa = XCBuildConfiguration;
			buildSettings = {
				ALWAYS_SEARCH_USER_PATHS = NO;
				CLANG_ANALYZER_NONNULL = YES;
				CLANG_CXX_LANGUAGE_STANDARD = "gnu++0x";
				CLANG_CXX_LIBRARY = "libc++";
				CLANG_ENABLE_MODULES = YES;
				CLANG_ENABLE_OBJC_ARC = YES;
				CLANG_WARN_BOOL_CONVERSION = YES;
				CLANG_WARN_CONSTANT_CONVERSION = YES;
				CLANG_WARN_DIRECT_OBJC_ISA_USAGE = YES_ERROR;
				CLANG_WARN_EMPTY_BODY = YES;
				CLANG_WARN_ENUM_CONVERSION = YES;
				CLANG_WARN_INT_CONVERSION = YES;
				CLANG_WARN_OBJC_ROOT_CLASS = YES_ERROR;
				CLANG_WARN_UNREACHABLE_CODE = YES;
				CLANG_WARN__DUPLICATE_METHOD_MATCH = YES;
				"CODE_SIGN_IDENTITY[sdk=iphoneos*]" = "iPhone Developer";
				COPY_PHASE_STRIP = NO;
				DEBUG_INFORMATION_FORMAT = "dwarf-with-dsym";
				ENABLE_NS_ASSERTIONS = NO;
				ENABLE_STRICT_OBJC_MSGSEND = YES;
				GCC_C_LANGUAGE_STANDARD = gnu99;
				GCC_NO_COMMON_BLOCKS = YES;
				GCC_WARN_64_TO_32_BIT_CONVERSION = YES;
				GCC_WARN_ABOUT_RETURN_TYPE = YES_ERROR;
				GCC_WARN_UNDECLARED_SELECTOR = YES;
				GCC_WARN_UNINITIALIZED_AUTOS = YES_AGGRESSIVE;
				GCC_WARN_UNUSED_FUNCTION = YES;
				GCC_WARN_UNUSED_VARIABLE = YES;
				IPHONEOS_DEPLOYMENT_TARGET = 9.3;
				MTL_ENABLE_DEBUG_INFO = NO;
				SDKROOT = iphoneos;
				VALIDATE_PRODUCT = YES;
			};
			name = Release;
		};
		45D052511CAA594400BB1738 /* Debug */ = {
			isa = XCBuildConfiguration;
			baseConfigurationReference = 054A9FFFFB89F87101B7258A /* Pods-Zeus.debug.xcconfig */;
			buildSettings = {
				ASSETCATALOG_COMPILER_APPICON_NAME = AppIcon;
				CODE_SIGN_IDENTITY = "iPhone Developer";
				"CODE_SIGN_IDENTITY[sdk=iphoneos*]" = "iPhone Developer: Jin Tao (88EZ8AQ3C7)";
				INFOPLIST_FILE = Zeus/Info.plist;
				IPHONEOS_DEPLOYMENT_TARGET = 8.0;
				LD_RUNPATH_SEARCH_PATHS = "$(inherited) @executable_path/Frameworks";
				PRODUCT_BUNDLE_IDENTIFIER = com.hesheng.Zeus;
				PRODUCT_NAME = "$(TARGET_NAME)";
				PROVISIONING_PROFILE = "5c6100d3-004b-4eda-ae83-4469dc76bc17";
			};
			name = Debug;
		};
		45D052521CAA594400BB1738 /* Release */ = {
			isa = XCBuildConfiguration;
			baseConfigurationReference = 7F03FDE68F71AC8018F8842C /* Pods-Zeus.release.xcconfig */;
			buildSettings = {
				ASSETCATALOG_COMPILER_APPICON_NAME = AppIcon;
				CODE_SIGN_IDENTITY = "iPhone Developer";
				"CODE_SIGN_IDENTITY[sdk=iphoneos*]" = "iPhone Developer: Jin Tao (88EZ8AQ3C7)";
				INFOPLIST_FILE = Zeus/Info.plist;
				IPHONEOS_DEPLOYMENT_TARGET = 8.0;
				LD_RUNPATH_SEARCH_PATHS = "$(inherited) @executable_path/Frameworks";
				PRODUCT_BUNDLE_IDENTIFIER = com.hesheng.Zeus;
				PRODUCT_NAME = "$(TARGET_NAME)";
				PROVISIONING_PROFILE = "5c6100d3-004b-4eda-ae83-4469dc76bc17";
			};
			name = Release;
		};
		45D052541CAA594400BB1738 /* Debug */ = {
			isa = XCBuildConfiguration;
			buildSettings = {
				BUNDLE_LOADER = "$(TEST_HOST)";
				INFOPLIST_FILE = ZeusTests/Info.plist;
				LD_RUNPATH_SEARCH_PATHS = "$(inherited) @executable_path/Frameworks @loader_path/Frameworks";
				PRODUCT_BUNDLE_IDENTIFIER = com.hesheng.ZeusTests;
				PRODUCT_NAME = "$(TARGET_NAME)";
				TEST_HOST = "$(BUILT_PRODUCTS_DIR)/Zeus.app/Zeus";
			};
			name = Debug;
		};
		45D052551CAA594400BB1738 /* Release */ = {
			isa = XCBuildConfiguration;
			buildSettings = {
				BUNDLE_LOADER = "$(TEST_HOST)";
				INFOPLIST_FILE = ZeusTests/Info.plist;
				LD_RUNPATH_SEARCH_PATHS = "$(inherited) @executable_path/Frameworks @loader_path/Frameworks";
				PRODUCT_BUNDLE_IDENTIFIER = com.hesheng.ZeusTests;
				PRODUCT_NAME = "$(TARGET_NAME)";
				TEST_HOST = "$(BUILT_PRODUCTS_DIR)/Zeus.app/Zeus";
			};
			name = Release;
		};
		45D052571CAA594400BB1738 /* Debug */ = {
			isa = XCBuildConfiguration;
			buildSettings = {
				INFOPLIST_FILE = ZeusUITests/Info.plist;
				LD_RUNPATH_SEARCH_PATHS = "$(inherited) @executable_path/Frameworks @loader_path/Frameworks";
				PRODUCT_BUNDLE_IDENTIFIER = com.hesheng.ZeusUITests;
				PRODUCT_NAME = "$(TARGET_NAME)";
				TEST_TARGET_NAME = Zeus;
			};
			name = Debug;
		};
		45D052581CAA594400BB1738 /* Release */ = {
			isa = XCBuildConfiguration;
			buildSettings = {
				INFOPLIST_FILE = ZeusUITests/Info.plist;
				LD_RUNPATH_SEARCH_PATHS = "$(inherited) @executable_path/Frameworks @loader_path/Frameworks";
				PRODUCT_BUNDLE_IDENTIFIER = com.hesheng.ZeusUITests;
				PRODUCT_NAME = "$(TARGET_NAME)";
				TEST_TARGET_NAME = Zeus;
			};
			name = Release;
		};
/* End XCBuildConfiguration section */

/* Begin XCConfigurationList section */
		45D052211CAA594300BB1738 /* Build configuration list for PBXProject "Zeus" */ = {
			isa = XCConfigurationList;
			buildConfigurations = (
				45D0524E1CAA594400BB1738 /* Debug */,
				45D0524F1CAA594400BB1738 /* Release */,
			);
			defaultConfigurationIsVisible = 0;
			defaultConfigurationName = Release;
		};
		45D052501CAA594400BB1738 /* Build configuration list for PBXNativeTarget "Zeus" */ = {
			isa = XCConfigurationList;
			buildConfigurations = (
				45D052511CAA594400BB1738 /* Debug */,
				45D052521CAA594400BB1738 /* Release */,
			);
			defaultConfigurationIsVisible = 0;
			defaultConfigurationName = Release;
		};
		45D052531CAA594400BB1738 /* Build configuration list for PBXNativeTarget "ZeusTests" */ = {
			isa = XCConfigurationList;
			buildConfigurations = (
				45D052541CAA594400BB1738 /* Debug */,
				45D052551CAA594400BB1738 /* Release */,
			);
			defaultConfigurationIsVisible = 0;
			defaultConfigurationName = Release;
		};
		45D052561CAA594400BB1738 /* Build configuration list for PBXNativeTarget "ZeusUITests" */ = {
			isa = XCConfigurationList;
			buildConfigurations = (
				45D052571CAA594400BB1738 /* Debug */,
				45D052581CAA594400BB1738 /* Release */,
			);
			defaultConfigurationIsVisible = 0;
			defaultConfigurationName = Release;
		};
/* End XCConfigurationList section */
	};
	rootObject = 45D0521E1CAA594300BB1738 /* Project object */;
}
