// !$*UTF8*$!
{
	archiveVersion = 1;
	classes = {
	};
	objectVersion = 46;
	objects = {

/* Begin PBXBuildFile section */
		4523B3EF1CACBB9F00811E50 /* UIColor+Zeus.swift in Sources */ = {isa = PBXBuildFile; fileRef = 4523B3EE1CACBB9F00811E50 /* UIColor+Zeus.swift */; };
		4523B3F11CACBDDC00811E50 /* UIFont+Zeus.swift in Sources */ = {isa = PBXBuildFile; fileRef = 4523B3F01CACBDDC00811E50 /* UIFont+Zeus.swift */; };
		4523B3F41CACD0ED00811E50 /* HistoryActivityVC.swift in Sources */ = {isa = PBXBuildFile; fileRef = 4523B3F31CACD0ED00811E50 /* HistoryActivityVC.swift */; };
		4523B3F91CACD1CA00811E50 /* HistoryActivityVC.storyboard in Resources */ = {isa = PBXBuildFile; fileRef = 4523B3F71CACD1CA00811E50 /* HistoryActivityVC.storyboard */; };
		458C27131CAA6D8E004575FC /* ActivityViewController.swift in Sources */ = {isa = PBXBuildFile; fileRef = 458C27121CAA6D8E004575FC /* ActivityViewController.swift */; };
		458C27161CAA6DB9004575FC /* BaseViewController.swift in Sources */ = {isa = PBXBuildFile; fileRef = 458C27151CAA6DB9004575FC /* BaseViewController.swift */; };
		458C27181CAA6E05004575FC /* ClientViewController.swift in Sources */ = {isa = PBXBuildFile; fileRef = 458C27171CAA6E05004575FC /* ClientViewController.swift */; };
		458C271A1CAA6E24004575FC /* ProfileViewController.swift in Sources */ = {isa = PBXBuildFile; fileRef = 458C27191CAA6E24004575FC /* ProfileViewController.swift */; };
		458C271F1CAA7AF0004575FC /* ActivityCell.swift in Sources */ = {isa = PBXBuildFile; fileRef = 458C271E1CAA7AF0004575FC /* ActivityCell.swift */; };
		458C27211CAA7AFE004575FC /* ActivityCell.xib in Resources */ = {isa = PBXBuildFile; fileRef = 458C27201CAA7AFE004575FC /* ActivityCell.xib */; };
		458C27231CAA7C04004575FC /* BaseTableViewCell.swift in Sources */ = {isa = PBXBuildFile; fileRef = 458C27221CAA7C04004575FC /* BaseTableViewCell.swift */; };
		45D0522A1CAA594400BB1738 /* AppDelegate.swift in Sources */ = {isa = PBXBuildFile; fileRef = 45D052291CAA594400BB1738 /* AppDelegate.swift */; };
		45D052311CAA594400BB1738 /* Main.storyboard in Resources */ = {isa = PBXBuildFile; fileRef = 45D0522F1CAA594400BB1738 /* Main.storyboard */; };
		45D052331CAA594400BB1738 /* Assets.xcassets in Resources */ = {isa = PBXBuildFile; fileRef = 45D052321CAA594400BB1738 /* Assets.xcassets */; };
		45D052361CAA594400BB1738 /* LaunchScreen.storyboard in Resources */ = {isa = PBXBuildFile; fileRef = 45D052341CAA594400BB1738 /* LaunchScreen.storyboard */; };
		45D052411CAA594400BB1738 /* ZeusTests.swift in Sources */ = {isa = PBXBuildFile; fileRef = 45D052401CAA594400BB1738 /* ZeusTests.swift */; };
		45D0524C1CAA594400BB1738 /* ZeusUITests.swift in Sources */ = {isa = PBXBuildFile; fileRef = 45D0524B1CAA594400BB1738 /* ZeusUITests.swift */; };
/* End PBXBuildFile section */

/* Begin PBXContainerItemProxy section */
		45D0523D1CAA594400BB1738 /* PBXContainerItemProxy */ = {
			isa = PBXContainerItemProxy;
			containerPortal = 45D0521E1CAA594300BB1738 /* Project object */;
			proxyType = 1;
			remoteGlobalIDString = 45D052251CAA594300BB1738;
			remoteInfo = Zeus;
		};
		45D052481CAA594400BB1738 /* PBXContainerItemProxy */ = {
			isa = PBXContainerItemProxy;
			containerPortal = 45D0521E1CAA594300BB1738 /* Project object */;
			proxyType = 1;
			remoteGlobalIDString = 45D052251CAA594300BB1738;
			remoteInfo = Zeus;
		};
/* End PBXContainerItemProxy section */

/* Begin PBXFileReference section */
		4523B3EE1CACBB9F00811E50 /* UIColor+Zeus.swift */ = {isa = PBXFileReference; fileEncoding = 4; lastKnownFileType = sourcecode.swift; path = "UIColor+Zeus.swift"; sourceTree = "<group>"; };
		4523B3F01CACBDDC00811E50 /* UIFont+Zeus.swift */ = {isa = PBXFileReference; fileEncoding = 4; lastKnownFileType = sourcecode.swift; path = "UIFont+Zeus.swift"; sourceTree = "<group>"; };
		4523B3F31CACD0ED00811E50 /* HistoryActivityVC.swift */ = {isa = PBXFileReference; fileEncoding = 4; lastKnownFileType = sourcecode.swift; path = HistoryActivityVC.swift; sourceTree = "<group>"; };
		4523B3F81CACD1CA00811E50 /* Base */ = {isa = PBXFileReference; lastKnownFileType = file.storyboard; name = Base; path = Base.lproj/HistoryActivityVC.storyboard; sourceTree = "<group>"; };
		458C27121CAA6D8E004575FC /* ActivityViewController.swift */ = {isa = PBXFileReference; fileEncoding = 4; lastKnownFileType = sourcecode.swift; path = ActivityViewController.swift; sourceTree = "<group>"; };
		458C27151CAA6DB9004575FC /* BaseViewController.swift */ = {isa = PBXFileReference; fileEncoding = 4; lastKnownFileType = sourcecode.swift; path = BaseViewController.swift; sourceTree = "<group>"; };
		458C27171CAA6E05004575FC /* ClientViewController.swift */ = {isa = PBXFileReference; fileEncoding = 4; lastKnownFileType = sourcecode.swift; path = ClientViewController.swift; sourceTree = "<group>"; };
		458C27191CAA6E24004575FC /* ProfileViewController.swift */ = {isa = PBXFileReference; fileEncoding = 4; lastKnownFileType = sourcecode.swift; path = ProfileViewController.swift; sourceTree = "<group>"; };
		458C271E1CAA7AF0004575FC /* ActivityCell.swift */ = {isa = PBXFileReference; fileEncoding = 4; lastKnownFileType = sourcecode.swift; path = ActivityCell.swift; sourceTree = "<group>"; };
		458C27201CAA7AFE004575FC /* ActivityCell.xib */ = {isa = PBXFileReference; fileEncoding = 4; lastKnownFileType = file.xib; path = ActivityCell.xib; sourceTree = "<group>"; };
		458C27221CAA7C04004575FC /* BaseTableViewCell.swift */ = {isa = PBXFileReference; fileEncoding = 4; lastKnownFileType = sourcecode.swift; path = BaseTableViewCell.swift; sourceTree = "<group>"; };
		45D052261CAA594300BB1738 /* Zeus.app */ = {isa = PBXFileReference; explicitFileType = wrapper.application; includeInIndex = 0; path = Zeus.app; sourceTree = BUILT_PRODUCTS_DIR; };
		45D052291CAA594400BB1738 /* AppDelegate.swift */ = {isa = PBXFileReference; lastKnownFileType = sourcecode.swift; path = AppDelegate.swift; sourceTree = "<group>"; };
		45D052301CAA594400BB1738 /* Base */ = {isa = PBXFileReference; lastKnownFileType = file.storyboard; name = Base; path = Base.lproj/Main.storyboard; sourceTree = "<group>"; };
		45D052321CAA594400BB1738 /* Assets.xcassets */ = {isa = PBXFileReference; lastKnownFileType = folder.assetcatalog; path = Assets.xcassets; sourceTree = "<group>"; };
		45D052351CAA594400BB1738 /* Base */ = {isa = PBXFileReference; lastKnownFileType = file.storyboard; name = Base; path = Base.lproj/LaunchScreen.storyboard; sourceTree = "<group>"; };
		45D052371CAA594400BB1738 /* Info.plist */ = {isa = PBXFileReference; lastKnownFileType = text.plist.xml; path = Info.plist; sourceTree = "<group>"; };
		45D0523C1CAA594400BB1738 /* ZeusTests.xctest */ = {isa = PBXFileReference; explicitFileType = wrapper.cfbundle; includeInIndex = 0; path = ZeusTests.xctest; sourceTree = BUILT_PRODUCTS_DIR; };
		45D052401CAA594400BB1738 /* ZeusTests.swift */ = {isa = PBXFileReference; lastKnownFileType = sourcecode.swift; path = ZeusTests.swift; sourceTree = "<group>"; };
		45D052421CAA594400BB1738 /* Info.plist */ = {isa = PBXFileReference; lastKnownFileType = text.plist.xml; path = Info.plist; sourceTree = "<group>"; };
		45D052471CAA594400BB1738 /* ZeusUITests.xctest */ = {isa = PBXFileReference; explicitFileType = wrapper.cfbundle; includeInIndex = 0; path = ZeusUITests.xctest; sourceTree = BUILT_PRODUCTS_DIR; };
		45D0524B1CAA594400BB1738 /* ZeusUITests.swift */ = {isa = PBXFileReference; lastKnownFileType = sourcecode.swift; path = ZeusUITests.swift; sourceTree = "<group>"; };
		45D0524D1CAA594400BB1738 /* Info.plist */ = {isa = PBXFileReference; lastKnownFileType = text.plist.xml; path = Info.plist; sourceTree = "<group>"; };
/* End PBXFileReference section */

/* Begin PBXFrameworksBuildPhase section */
		45D052231CAA594300BB1738 /* Frameworks */ = {
			isa = PBXFrameworksBuildPhase;
			buildActionMask = 2147483647;
			files = (
			);
			runOnlyForDeploymentPostprocessing = 0;
		};
		45D052391CAA594400BB1738 /* Frameworks */ = {
			isa = PBXFrameworksBuildPhase;
			buildActionMask = 2147483647;
			files = (
			);
			runOnlyForDeploymentPostprocessing = 0;
		};
		45D052441CAA594400BB1738 /* Frameworks */ = {
			isa = PBXFrameworksBuildPhase;
			buildActionMask = 2147483647;
			files = (
			);
			runOnlyForDeploymentPostprocessing = 0;
		};
/* End PBXFrameworksBuildPhase section */

/* Begin PBXGroup section */
		4523B3F21CACD0CE00811E50 /* 历史活动 */ = {
			isa = PBXGroup;
			children = (
				4523B3F31CACD0ED00811E50 /* HistoryActivityVC.swift */,
				4523B3F71CACD1CA00811E50 /* HistoryActivityVC.storyboard */,
			);
			name = "历史活动";
			sourceTree = "<group>";
		};
		458C270B1CAA6915004575FC /* Extensions */ = {
			isa = PBXGroup;
			children = (
				4523B3EE1CACBB9F00811E50 /* UIColor+Zeus.swift */,
				4523B3F01CACBDDC00811E50 /* UIFont+Zeus.swift */,
			);
			path = Extensions;
			sourceTree = "<group>";
		};
		458C270C1CAA6915004575FC /* Models */ = {
			isa = PBXGroup;
			children = (
			);
			path = Models;
			sourceTree = "<group>";
		};
		458C270D1CAA6915004575FC /* ViewControllers */ = {
			isa = PBXGroup;
			children = (
				458C270F1CAA698F004575FC /* 活动 */,
				458C27101CAA698F004575FC /* 客户 */,
				458C27111CAA698F004575FC /* 我的 */,
			);
			path = ViewControllers;
			sourceTree = "<group>";
		};
		458C270E1CAA6915004575FC /* Views */ = {
			isa = PBXGroup;
			children = (
			);
			path = Views;
			sourceTree = "<group>";
		};
		458C270F1CAA698F004575FC /* 活动 */ = {
			isa = PBXGroup;
			children = (
				4523B3F21CACD0CE00811E50 /* 历史活动 */,
				458C271B1CAA7AA3004575FC /* Cells */,
				458C27121CAA6D8E004575FC /* ActivityViewController.swift */,
			);
			path = "活动";
			sourceTree = "<group>";
		};
		458C27101CAA698F004575FC /* 客户 */ = {
			isa = PBXGroup;
			children = (
				458C27171CAA6E05004575FC /* ClientViewController.swift */,
			);
			path = "客户";
			sourceTree = "<group>";
		};
		458C27111CAA698F004575FC /* 我的 */ = {
			isa = PBXGroup;
			children = (
				458C27191CAA6E24004575FC /* ProfileViewController.swift */,
			);
			path = "我的";
			sourceTree = "<group>";
		};
		458C27141CAA6DAA004575FC /* Base */ = {
			isa = PBXGroup;
			children = (
				458C27151CAA6DB9004575FC /* BaseViewController.swift */,
				458C27221CAA7C04004575FC /* BaseTableViewCell.swift */,
			);
			path = Base;
			sourceTree = "<group>";
		};
		458C271B1CAA7AA3004575FC /* Cells */ = {
			isa = PBXGroup;
			children = (
				458C271E1CAA7AF0004575FC /* ActivityCell.swift */,
				458C27201CAA7AFE004575FC /* ActivityCell.xib */,
			);
			name = Cells;
			sourceTree = "<group>";
		};
		45D0521D1CAA594300BB1738 = {
			isa = PBXGroup;
			children = (
				45D052281CAA594400BB1738 /* Zeus */,
				45D0523F1CAA594400BB1738 /* ZeusTests */,
				45D0524A1CAA594400BB1738 /* ZeusUITests */,
				45D052271CAA594300BB1738 /* Products */,
			);
			sourceTree = "<group>";
		};
		45D052271CAA594300BB1738 /* Products */ = {
			isa = PBXGroup;
			children = (
				45D052261CAA594300BB1738 /* Zeus.app */,
				45D0523C1CAA594400BB1738 /* ZeusTests.xctest */,
				45D052471CAA594400BB1738 /* ZeusUITests.xctest */,
			);
			name = Products;
			sourceTree = "<group>";
		};
		45D052281CAA594400BB1738 /* Zeus */ = {
			isa = PBXGroup;
			children = (
				458C27141CAA6DAA004575FC /* Base */,
				458C270B1CAA6915004575FC /* Extensions */,
				458C270C1CAA6915004575FC /* Models */,
				458C270D1CAA6915004575FC /* ViewControllers */,
				458C270E1CAA6915004575FC /* Views */,
				45D052291CAA594400BB1738 /* AppDelegate.swift */,
				45D0522F1CAA594400BB1738 /* Main.storyboard */,
				45D052321CAA594400BB1738 /* Assets.xcassets */,
				45D052341CAA594400BB1738 /* LaunchScreen.storyboard */,
				45D052371CAA594400BB1738 /* Info.plist */,
			);
			path = Zeus;
			sourceTree = "<group>";
		};
		45D0523F1CAA594400BB1738 /* ZeusTests */ = {
			isa = PBXGroup;
			children = (
				45D052401CAA594400BB1738 /* ZeusTests.swift */,
				45D052421CAA594400BB1738 /* Info.plist */,
			);
			path = ZeusTests;
			sourceTree = "<group>";
		};
		45D0524A1CAA594400BB1738 /* ZeusUITests */ = {
			isa = PBXGroup;
			children = (
				45D0524B1CAA594400BB1738 /* ZeusUITests.swift */,
				45D0524D1CAA594400BB1738 /* Info.plist */,
			);
			path = ZeusUITests;
			sourceTree = "<group>";
		};
/* End PBXGroup section */

/* Begin PBXNativeTarget section */
		45D052251CAA594300BB1738 /* Zeus */ = {
			isa = PBXNativeTarget;
			buildConfigurationList = 45D052501CAA594400BB1738 /* Build configuration list for PBXNativeTarget "Zeus" */;
			buildPhases = (
				45D052221CAA594300BB1738 /* Sources */,
				45D052231CAA594300BB1738 /* Frameworks */,
				45D052241CAA594300BB1738 /* Resources */,
			);
			buildRules = (
			);
			dependencies = (
			);
			name = Zeus;
			productName = Zeus;
			productReference = 45D052261CAA594300BB1738 /* Zeus.app */;
			productType = "com.apple.product-type.application";
		};
		45D0523B1CAA594400BB1738 /* ZeusTests */ = {
			isa = PBXNativeTarget;
			buildConfigurationList = 45D052531CAA594400BB1738 /* Build configuration list for PBXNativeTarget "ZeusTests" */;
			buildPhases = (
				45D052381CAA594400BB1738 /* Sources */,
				45D052391CAA594400BB1738 /* Frameworks */,
				45D0523A1CAA594400BB1738 /* Resources */,
			);
			buildRules = (
			);
			dependencies = (
				45D0523E1CAA594400BB1738 /* PBXTargetDependency */,
			);
			name = ZeusTests;
			productName = ZeusTests;
			productReference = 45D0523C1CAA594400BB1738 /* ZeusTests.xctest */;
			productType = "com.apple.product-type.bundle.unit-test";
		};
		45D052461CAA594400BB1738 /* ZeusUITests */ = {
			isa = PBXNativeTarget;
			buildConfigurationList = 45D052561CAA594400BB1738 /* Build configuration list for PBXNativeTarget "ZeusUITests" */;
			buildPhases = (
				45D052431CAA594400BB1738 /* Sources */,
				45D052441CAA594400BB1738 /* Frameworks */,
				45D052451CAA594400BB1738 /* Resources */,
			);
			buildRules = (
			);
			dependencies = (
				45D052491CAA594400BB1738 /* PBXTargetDependency */,
			);
			name = ZeusUITests;
			productName = ZeusUITests;
			productReference = 45D052471CAA594400BB1738 /* ZeusUITests.xctest */;
			productType = "com.apple.product-type.bundle.ui-testing";
		};
/* End PBXNativeTarget section */

/* Begin PBXProject section */
		45D0521E1CAA594300BB1738 /* Project object */ = {
			isa = PBXProject;
			attributes = {
				LastSwiftUpdateCheck = 0730;
				LastUpgradeCheck = 0730;
				ORGANIZATIONNAME = rayjuneWu;
				TargetAttributes = {
					45D052251CAA594300BB1738 = {
						CreatedOnToolsVersion = 7.3;
					};
					45D0523B1CAA594400BB1738 = {
						CreatedOnToolsVersion = 7.3;
						TestTargetID = 45D052251CAA594300BB1738;
					};
					45D052461CAA594400BB1738 = {
						CreatedOnToolsVersion = 7.3;
						TestTargetID = 45D052251CAA594300BB1738;
					};
				};
			};
			buildConfigurationList = 45D052211CAA594300BB1738 /* Build configuration list for PBXProject "Zeus" */;
			compatibilityVersion = "Xcode 3.2";
			developmentRegion = English;
			hasScannedForEncodings = 0;
			knownRegions = (
				en,
				Base,
			);
			mainGroup = 45D0521D1CAA594300BB1738;
			productRefGroup = 45D052271CAA594300BB1738 /* Products */;
			projectDirPath = "";
			projectRoot = "";
			targets = (
				45D052251CAA594300BB1738 /* Zeus */,
				45D0523B1CAA594400BB1738 /* ZeusTests */,
				45D052461CAA594400BB1738 /* ZeusUITests */,
			);
		};
/* End PBXProject section */

/* Begin PBXResourcesBuildPhase section */
		45D052241CAA594300BB1738 /* Resources */ = {
			isa = PBXResourcesBuildPhase;
			buildActionMask = 2147483647;
			files = (
				4523B3F91CACD1CA00811E50 /* HistoryActivityVC.storyboard in Resources */,
				45D052361CAA594400BB1738 /* LaunchScreen.storyboard in Resources */,
				45D052331CAA594400BB1738 /* Assets.xcassets in Resources */,
				458C27211CAA7AFE004575FC /* ActivityCell.xib in Resources */,
				45D052311CAA594400BB1738 /* Main.storyboard in Resources */,
			);
			runOnlyForDeploymentPostprocessing = 0;
		};
		45D0523A1CAA594400BB1738 /* Resources */ = {
			isa = PBXResourcesBuildPhase;
			buildActionMask = 2147483647;
			files = (
			);
			runOnlyForDeploymentPostprocessing = 0;
		};
		45D052451CAA594400BB1738 /* Resources */ = {
			isa = PBXResourcesBuildPhase;
			buildActionMask = 2147483647;
			files = (
			);
			runOnlyForDeploymentPostprocessing = 0;
		};
/* End PBXResourcesBuildPhase section */

/* Begin PBXSourcesBuildPhase section */
		45D052221CAA594300BB1738 /* Sources */ = {
			isa = PBXSourcesBuildPhase;
			buildActionMask = 2147483647;
			files = (
				4523B3F11CACBDDC00811E50 /* UIFont+Zeus.swift in Sources */,
				458C27161CAA6DB9004575FC /* BaseViewController.swift in Sources */,
				45D0522A1CAA594400BB1738 /* AppDelegate.swift in Sources */,
				458C271A1CAA6E24004575FC /* ProfileViewController.swift in Sources */,
				458C27131CAA6D8E004575FC /* ActivityViewController.swift in Sources */,
				4523B3EF1CACBB9F00811E50 /* UIColor+Zeus.swift in Sources */,
				4523B3F41CACD0ED00811E50 /* HistoryActivityVC.swift in Sources */,
				458C27231CAA7C04004575FC /* BaseTableViewCell.swift in Sources */,
				458C271F1CAA7AF0004575FC /* ActivityCell.swift in Sources */,
				458C27181CAA6E05004575FC /* ClientViewController.swift in Sources */,
			);
			runOnlyForDeploymentPostprocessing = 0;
		};
		45D052381CAA594400BB1738 /* Sources */ = {
			isa = PBXSourcesBuildPhase;
			buildActionMask = 2147483647;
			files = (
				45D052411CAA594400BB1738 /* ZeusTests.swift in Sources */,
			);
			runOnlyForDeploymentPostprocessing = 0;
		};
		45D052431CAA594400BB1738 /* Sources */ = {
			isa = PBXSourcesBuildPhase;
			buildActionMask = 2147483647;
			files = (
				45D0524C1CAA594400BB1738 /* ZeusUITests.swift in Sources */,
			);
			runOnlyForDeploymentPostprocessing = 0;
		};
/* End PBXSourcesBuildPhase section */

/* Begin PBXTargetDependency section */
		45D0523E1CAA594400BB1738 /* PBXTargetDependency */ = {
			isa = PBXTargetDependency;
			target = 45D052251CAA594300BB1738 /* Zeus */;
			targetProxy = 45D0523D1CAA594400BB1738 /* PBXContainerItemProxy */;
		};
		45D052491CAA594400BB1738 /* PBXTargetDependency */ = {
			isa = PBXTargetDependency;
			target = 45D052251CAA594300BB1738 /* Zeus */;
			targetProxy = 45D052481CAA594400BB1738 /* PBXContainerItemProxy */;
		};
/* End PBXTargetDependency section */

/* Begin PBXVariantGroup section */
		4523B3F71CACD1CA00811E50 /* HistoryActivityVC.storyboard */ = {
			isa = PBXVariantGroup;
			children = (
				4523B3F81CACD1CA00811E50 /* Base */,
			);
			name = HistoryActivityVC.storyboard;
			path = ../..;
			sourceTree = "<group>";
		};
		45D0522F1CAA594400BB1738 /* Main.storyboard */ = {
			isa = PBXVariantGroup;
			children = (
				45D052301CAA594400BB1738 /* Base */,
			);
			name = Main.storyboard;
			sourceTree = "<group>";
		};
		45D052341CAA594400BB1738 /* LaunchScreen.storyboard */ = {
			isa = PBXVariantGroup;
			children = (
				45D052351CAA594400BB1738 /* Base */,
			);
			name = LaunchScreen.storyboard;
			sourceTree = "<group>";
		};
/* End PBXVariantGroup section */

/* Begin XCBuildConfiguration section */
		45D0524E1CAA594400BB1738 /* Debug */ = {
			isa = XCBuildConfiguration;
			buildSettings = {
				ALWAYS_SEARCH_USER_PATHS = NO;
				CLANG_ANALYZER_NONNULL = YES;
				CLANG_CXX_LANGUAGE_STANDARD = "gnu++0x";
				CLANG_CXX_LIBRARY = "libc++";
				CLANG_ENABLE_MODULES = YES;
				CLANG_ENABLE_OBJC_ARC = YES;
				CLANG_WARN_BOOL_CONVERSION = YES;
				CLANG_WARN_CONSTANT_CONVERSION = YES;
				CLANG_WARN_DIRECT_OBJC_ISA_USAGE = YES_ERROR;
				CLANG_WARN_EMPTY_BODY = YES;
				CLANG_WARN_ENUM_CONVERSION = YES;
				CLANG_WARN_INT_CONVERSION = YES;
				CLANG_WARN_OBJC_ROOT_CLASS = YES_ERROR;
				CLANG_WARN_UNREACHABLE_CODE = YES;
				CLANG_WARN__DUPLICATE_METHOD_MATCH = YES;
				"CODE_SIGN_IDENTITY[sdk=iphoneos*]" = "iPhone Developer";
				COPY_PHASE_STRIP = NO;
				DEBUG_INFORMATION_FORMAT = dwarf;
				ENABLE_STRICT_OBJC_MSGSEND = YES;
				ENABLE_TESTABILITY = YES;
				GCC_C_LANGUAGE_STANDARD = gnu99;
				GCC_DYNAMIC_NO_PIC = NO;
				GCC_NO_COMMON_BLOCKS = YES;
				GCC_OPTIMIZATION_LEVEL = 0;
				GCC_PREPROCESSOR_DEFINITIONS = (
					"DEBUG=1",
					"$(inherited)",
				);
				GCC_WARN_64_TO_32_BIT_CONVERSION = YES;
				GCC_WARN_ABOUT_RETURN_TYPE = YES_ERROR;
				GCC_WARN_UNDECLARED_SELECTOR = YES;
				GCC_WARN_UNINITIALIZED_AUTOS = YES_AGGRESSIVE;
				GCC_WARN_UNUSED_FUNCTION = YES;
				GCC_WARN_UNUSED_VARIABLE = YES;
				IPHONEOS_DEPLOYMENT_TARGET = 9.3;
				MTL_ENABLE_DEBUG_INFO = YES;
				ONLY_ACTIVE_ARCH = YES;
				SDKROOT = iphoneos;
				SWIFT_OPTIMIZATION_LEVEL = "-Onone";
			};
			name = Debug;
		};
		45D0524F1CAA594400BB1738 /* Release */ = {
			isa = XCBuildConfiguration;
			buildSettings = {
				ALWAYS_SEARCH_USER_PATHS = NO;
				CLANG_ANALYZER_NONNULL = YES;
				CLANG_CXX_LANGUAGE_STANDARD = "gnu++0x";
				CLANG_CXX_LIBRARY = "libc++";
				CLANG_ENABLE_MODULES = YES;
				CLANG_ENABLE_OBJC_ARC = YES;
				CLANG_WARN_BOOL_CONVERSION = YES;
				CLANG_WARN_CONSTANT_CONVERSION = YES;
				CLANG_WARN_DIRECT_OBJC_ISA_USAGE = YES_ERROR;
				CLANG_WARN_EMPTY_BODY = YES;
				CLANG_WARN_ENUM_CONVERSION = YES;
				CLANG_WARN_INT_CONVERSION = YES;
				CLANG_WARN_OBJC_ROOT_CLASS = YES_ERROR;
				CLANG_WARN_UNREACHABLE_CODE = YES;
				CLANG_WARN__DUPLICATE_METHOD_MATCH = YES;
				"CODE_SIGN_IDENTITY[sdk=iphoneos*]" = "iPhone Developer";
				COPY_PHASE_STRIP = NO;
				DEBUG_INFORMATION_FORMAT = "dwarf-with-dsym";
				ENABLE_NS_ASSERTIONS = NO;
				ENABLE_STRICT_OBJC_MSGSEND = YES;
				GCC_C_LANGUAGE_STANDARD = gnu99;
				GCC_NO_COMMON_BLOCKS = YES;
				GCC_WARN_64_TO_32_BIT_CONVERSION = YES;
				GCC_WARN_ABOUT_RETURN_TYPE = YES_ERROR;
				GCC_WARN_UNDECLARED_SELECTOR = YES;
				GCC_WARN_UNINITIALIZED_AUTOS = YES_AGGRESSIVE;
				GCC_WARN_UNUSED_FUNCTION = YES;
				GCC_WARN_UNUSED_VARIABLE = YES;
				IPHONEOS_DEPLOYMENT_TARGET = 9.3;
				MTL_ENABLE_DEBUG_INFO = NO;
				SDKROOT = iphoneos;
				VALIDATE_PRODUCT = YES;
			};
			name = Release;
		};
		45D052511CAA594400BB1738 /* Debug */ = {
			isa = XCBuildConfiguration;
			buildSettings = {
				ASSETCATALOG_COMPILER_APPICON_NAME = AppIcon;
				INFOPLIST_FILE = Zeus/Info.plist;
				IPHONEOS_DEPLOYMENT_TARGET = 8.0;
				LD_RUNPATH_SEARCH_PATHS = "$(inherited) @executable_path/Frameworks";
				PRODUCT_BUNDLE_IDENTIFIER = com.hesheng.Zeus;
				PRODUCT_NAME = "$(TARGET_NAME)";
			};
			name = Debug;
		};
		45D052521CAA594400BB1738 /* Release */ = {
			isa = XCBuildConfiguration;
			buildSettings = {
				ASSETCATALOG_COMPILER_APPICON_NAME = AppIcon;
				INFOPLIST_FILE = Zeus/Info.plist;
				IPHONEOS_DEPLOYMENT_TARGET = 8.0;
				LD_RUNPATH_SEARCH_PATHS = "$(inherited) @executable_path/Frameworks";
				PRODUCT_BUNDLE_IDENTIFIER = com.hesheng.Zeus;
				PRODUCT_NAME = "$(TARGET_NAME)";
			};
			name = Release;
		};
		45D052541CAA594400BB1738 /* Debug */ = {
			isa = XCBuildConfiguration;
			buildSettings = {
				BUNDLE_LOADER = "$(TEST_HOST)";
				INFOPLIST_FILE = ZeusTests/Info.plist;
				LD_RUNPATH_SEARCH_PATHS = "$(inherited) @executable_path/Frameworks @loader_path/Frameworks";
				PRODUCT_BUNDLE_IDENTIFIER = com.hesheng.ZeusTests;
				PRODUCT_NAME = "$(TARGET_NAME)";
				TEST_HOST = "$(BUILT_PRODUCTS_DIR)/Zeus.app/Zeus";
			};
			name = Debug;
		};
		45D052551CAA594400BB1738 /* Release */ = {
			isa = XCBuildConfiguration;
			buildSettings = {
				BUNDLE_LOADER = "$(TEST_HOST)";
				INFOPLIST_FILE = ZeusTests/Info.plist;
				LD_RUNPATH_SEARCH_PATHS = "$(inherited) @executable_path/Frameworks @loader_path/Frameworks";
				PRODUCT_BUNDLE_IDENTIFIER = com.hesheng.ZeusTests;
				PRODUCT_NAME = "$(TARGET_NAME)";
				TEST_HOST = "$(BUILT_PRODUCTS_DIR)/Zeus.app/Zeus";
			};
			name = Release;
		};
		45D052571CAA594400BB1738 /* Debug */ = {
			isa = XCBuildConfiguration;
			buildSettings = {
				INFOPLIST_FILE = ZeusUITests/Info.plist;
				LD_RUNPATH_SEARCH_PATHS = "$(inherited) @executable_path/Frameworks @loader_path/Frameworks";
				PRODUCT_BUNDLE_IDENTIFIER = com.hesheng.ZeusUITests;
				PRODUCT_NAME = "$(TARGET_NAME)";
				TEST_TARGET_NAME = Zeus;
			};
			name = Debug;
		};
		45D052581CAA594400BB1738 /* Release */ = {
			isa = XCBuildConfiguration;
			buildSettings = {
				INFOPLIST_FILE = ZeusUITests/Info.plist;
				LD_RUNPATH_SEARCH_PATHS = "$(inherited) @executable_path/Frameworks @loader_path/Frameworks";
				PRODUCT_BUNDLE_IDENTIFIER = com.hesheng.ZeusUITests;
				PRODUCT_NAME = "$(TARGET_NAME)";
				TEST_TARGET_NAME = Zeus;
			};
			name = Release;
		};
/* End XCBuildConfiguration section */

/* Begin XCConfigurationList section */
		45D052211CAA594300BB1738 /* Build configuration list for PBXProject "Zeus" */ = {
			isa = XCConfigurationList;
			buildConfigurations = (
				45D0524E1CAA594400BB1738 /* Debug */,
				45D0524F1CAA594400BB1738 /* Release */,
			);
			defaultConfigurationIsVisible = 0;
			defaultConfigurationName = Release;
		};
		45D052501CAA594400BB1738 /* Build configuration list for PBXNativeTarget "Zeus" */ = {
			isa = XCConfigurationList;
			buildConfigurations = (
				45D052511CAA594400BB1738 /* Debug */,
				45D052521CAA594400BB1738 /* Release */,
			);
			defaultConfigurationIsVisible = 0;
			defaultConfigurationName = Release;
		};
		45D052531CAA594400BB1738 /* Build configuration list for PBXNativeTarget "ZeusTests" */ = {
			isa = XCConfigurationList;
			buildConfigurations = (
				45D052541CAA594400BB1738 /* Debug */,
				45D052551CAA594400BB1738 /* Release */,
			);
			defaultConfigurationIsVisible = 0;
			defaultConfigurationName = Release;
		};
		45D052561CAA594400BB1738 /* Build configuration list for PBXNativeTarget "ZeusUITests" */ = {
			isa = XCConfigurationList;
			buildConfigurations = (
				45D052571CAA594400BB1738 /* Debug */,
				45D052581CAA594400BB1738 /* Release */,
			);
			defaultConfigurationIsVisible = 0;
			defaultConfigurationName = Release;
		};
/* End XCConfigurationList section */
	};
	rootObject = 45D0521E1CAA594300BB1738 /* Project object */;
}
